// !$*UTF8*$!
{
	archiveVersion = 1;
	classes = {
	};
	objectVersion = 46;
	objects = {

/* Begin PBXBuildFile section */
		0903EFA716BD5B0E00547357 /* EventListMenuCell_iPhone.m in Sources */ = {isa = PBXBuildFile; fileRef = 0903EFA616BD5B0E00547357 /* EventListMenuCell_iPhone.m */; };
		0903EFA916BD5B4D00547357 /* EventListMenuCell_iPhone.xib in Resources */ = {isa = PBXBuildFile; fileRef = 0903EFA816BD5B4D00547357 /* EventListMenuCell_iPhone.xib */; };
		0903EFAC16BD5EA500547357 /* UIBorderLabel.m in Sources */ = {isa = PBXBuildFile; fileRef = 0903EFAB16BD5EA500547357 /* UIBorderLabel.m */; };
		09130E7C16BE9B85004A289C /* WCAlertView.m in Sources */ = {isa = PBXBuildFile; fileRef = 09130E7B16BE9B85004A289C /* WCAlertView.m */; };
		091A010016CCA42B00FC8334 /* ImportantValueListController_iPhone.m in Sources */ = {isa = PBXBuildFile; fileRef = 091A00FE16CCA42B00FC8334 /* ImportantValueListController_iPhone.m */; };
		091A010116CCA42B00FC8334 /* ImportantValueListController_iPhone.xib in Resources */ = {isa = PBXBuildFile; fileRef = 091A00FF16CCA42B00FC8334 /* ImportantValueListController_iPhone.xib */; };
		0922F5C616C7CB860092A6C6 /* EventLoader.m in Sources */ = {isa = PBXBuildFile; fileRef = 0922F5C516C7CB860092A6C6 /* EventLoader.m */; };
		0925633B16CAB02700E64FC0 /* NotificationManager.m in Sources */ = {isa = PBXBuildFile; fileRef = 0925633A16CAB02700E64FC0 /* NotificationManager.m */; };
		0962D87C16B887E200C6269A /* menu-icon.png in Resources */ = {isa = PBXBuildFile; fileRef = 0962D87A16B887E200C6269A /* menu-icon.png */; };
		0962D87D16B887E200C6269A /* menu-icon@2x.png in Resources */ = {isa = PBXBuildFile; fileRef = 0962D87B16B887E200C6269A /* menu-icon@2x.png */; };
		0962D8A216B88BA400C6269A /* grey-icon-overlay.png in Resources */ = {isa = PBXBuildFile; fileRef = 0962D8A016B88BA400C6269A /* grey-icon-overlay.png */; };
		0962D8A316B88BA400C6269A /* grey-icon-overlay@2x.png in Resources */ = {isa = PBXBuildFile; fileRef = 0962D8A116B88BA400C6269A /* grey-icon-overlay@2x.png */; };
		0965532A16CBFD2E0050597D /* adhoc-app-icon-72.png in Resources */ = {isa = PBXBuildFile; fileRef = 0965532616CBFD2E0050597D /* adhoc-app-icon-72.png */; };
		0965532B16CBFD2E0050597D /* adhoc-app-icon-72@2x.png in Resources */ = {isa = PBXBuildFile; fileRef = 0965532716CBFD2E0050597D /* adhoc-app-icon-72@2x.png */; };
		0965532C16CBFD2E0050597D /* adhoc-app-icon.png in Resources */ = {isa = PBXBuildFile; fileRef = 0965532816CBFD2E0050597D /* adhoc-app-icon.png */; };
		0965532D16CBFD2E0050597D /* adhoc-app-icon@2x.png in Resources */ = {isa = PBXBuildFile; fileRef = 0965532916CBFD2E0050597D /* adhoc-app-icon@2x.png */; };
		0965533216CBFD3A0050597D /* dev-app-icon-72.png in Resources */ = {isa = PBXBuildFile; fileRef = 0965532E16CBFD3A0050597D /* dev-app-icon-72.png */; };
		0965533316CBFD3A0050597D /* dev-app-icon-72@2x.png in Resources */ = {isa = PBXBuildFile; fileRef = 0965532F16CBFD3A0050597D /* dev-app-icon-72@2x.png */; };
		0965533416CBFD3A0050597D /* dev-app-icon.png in Resources */ = {isa = PBXBuildFile; fileRef = 0965533016CBFD3A0050597D /* dev-app-icon.png */; };
		0965533516CBFD3A0050597D /* dev-app-icon@2x.png in Resources */ = {isa = PBXBuildFile; fileRef = 0965533116CBFD3A0050597D /* dev-app-icon@2x.png */; };
		097FD7A016C6CD9400F092D2 /* WeeklyEventListHandler.m in Sources */ = {isa = PBXBuildFile; fileRef = 097FD79F16C6CD9400F092D2 /* WeeklyEventListHandler.m */; };
		097FD7A316C6DADB00F092D2 /* MonthlyEventListHandler.m in Sources */ = {isa = PBXBuildFile; fileRef = 097FD7A216C6DADB00F092D2 /* MonthlyEventListHandler.m */; };
		097FD7A616C6DD2D00F092D2 /* YearlyEventListHandler.m in Sources */ = {isa = PBXBuildFile; fileRef = 097FD7A516C6DD2D00F092D2 /* YearlyEventListHandler.m */; };
		0998C52616CAA1530075DBB7 /* app-icon.png in Resources */ = {isa = PBXBuildFile; fileRef = 0998C52516CAA1530075DBB7 /* app-icon.png */; };
		0998C52816CAA15A0075DBB7 /* app-icon@2x.png in Resources */ = {isa = PBXBuildFile; fileRef = 0998C52716CAA15A0075DBB7 /* app-icon@2x.png */; };
		0998C52A16CAA16D0075DBB7 /* app-icon-72.png in Resources */ = {isa = PBXBuildFile; fileRef = 0998C52916CAA16D0075DBB7 /* app-icon-72.png */; };
		0998C52C16CAA1710075DBB7 /* app-icon-72@2x.png in Resources */ = {isa = PBXBuildFile; fileRef = 0998C52B16CAA1710075DBB7 /* app-icon-72@2x.png */; };
		099CC38716C649F200A028C1 /* YearlyEventListTableModel.m in Sources */ = {isa = PBXBuildFile; fileRef = 099CC38616C649F200A028C1 /* YearlyEventListTableModel.m */; };
		09A8ACAD16B3CBA5005E336D /* TPKeyboardAvoidingScrollView.m in Sources */ = {isa = PBXBuildFile; fileRef = 09A8ACAA16B3CBA5005E336D /* TPKeyboardAvoidingScrollView.m */; };
		09A8ACAE16B3CBA5005E336D /* TPKeyboardAvoidingTableView.m in Sources */ = {isa = PBXBuildFile; fileRef = 09A8ACAC16B3CBA5005E336D /* TPKeyboardAvoidingTableView.m */; };
		09A8ACDE16B43BE6005E336D /* NSManagedObject+Helpers.m in Sources */ = {isa = PBXBuildFile; fileRef = 09A8ACD916B43BE6005E336D /* NSManagedObject+Helpers.m */; };
		09A8ACDF16B43BE6005E336D /* NSManagedObjectContext+Helpers.m in Sources */ = {isa = PBXBuildFile; fileRef = 09A8ACDB16B43BE6005E336D /* NSManagedObjectContext+Helpers.m */; };
		09A8ACE016B43BE6005E336D /* NSManagedObjectModel+Helpers.m in Sources */ = {isa = PBXBuildFile; fileRef = 09A8ACDD16B43BE6005E336D /* NSManagedObjectModel+Helpers.m */; };
		09A8ACE516B43DDC005E336D /* NSURL+Helpers.m in Sources */ = {isa = PBXBuildFile; fileRef = 09A8ACE416B43DDC005E336D /* NSURL+Helpers.m */; };
		09A8ACE816B442AF005E336D /* UITableViewCell+NIB.m in Sources */ = {isa = PBXBuildFile; fileRef = 09A8ACE716B442AF005E336D /* UITableViewCell+NIB.m */; };
		09A8ACF916B507DF005E336D /* EventListTableModelDecoratorForUITableView.m in Sources */ = {isa = PBXBuildFile; fileRef = 09A8ACF416B507DF005E336D /* EventListTableModelDecoratorForUITableView.m */; };
		09A8ACFA16B507DF005E336D /* WeeklyEventListTableModel.m in Sources */ = {isa = PBXBuildFile; fileRef = 09A8ACF516B507DF005E336D /* WeeklyEventListTableModel.m */; };
		09A8ACFB16B507DF005E336D /* EventListGroup.m in Sources */ = {isa = PBXBuildFile; fileRef = 09A8ACF816B507DF005E336D /* EventListGroup.m */; };
		09A8AD4116B5082F005E336D /* MainController_iPhone.m in Sources */ = {isa = PBXBuildFile; fileRef = 09A8AD2F16B5082F005E336D /* MainController_iPhone.m */; };
		09A8AD5A16B509F6005E336D /* ValueEditorController_iPhone.m in Sources */ = {isa = PBXBuildFile; fileRef = 09A8AD5516B509F6005E336D /* ValueEditorController_iPhone.m */; };
		09A8AD5B16B509F6005E336D /* ValueEditorController_iPhone.xib in Resources */ = {isa = PBXBuildFile; fileRef = 09A8AD5616B509F6005E336D /* ValueEditorController_iPhone.xib */; };
		09A8AD5C16B509F6005E336D /* ValueListController_iPhone.m in Sources */ = {isa = PBXBuildFile; fileRef = 09A8AD5816B509F6005E336D /* ValueListController_iPhone.m */; };
		09A8AD5D16B509F6005E336D /* ValueListController_iPhone.xib in Resources */ = {isa = PBXBuildFile; fileRef = 09A8AD5916B509F6005E336D /* ValueListController_iPhone.xib */; };
		09A8AD6A16B50A04005E336D /* EventEditorController_iPhone.m in Sources */ = {isa = PBXBuildFile; fileRef = 09A8AD5F16B50A04005E336D /* EventEditorController_iPhone.m */; };
		09A8AD6B16B50A04005E336D /* EventEditorController_iPhone.xib in Resources */ = {isa = PBXBuildFile; fileRef = 09A8AD6016B50A04005E336D /* EventEditorController_iPhone.xib */; };
		09A8AD6C16B50A04005E336D /* EventListCell_iPhone.m in Sources */ = {isa = PBXBuildFile; fileRef = 09A8AD6216B50A04005E336D /* EventListCell_iPhone.m */; };
		09A8AD6D16B50A04005E336D /* EventListCell_iPhone.xib in Resources */ = {isa = PBXBuildFile; fileRef = 09A8AD6316B50A04005E336D /* EventListCell_iPhone.xib */; };
		09A8AD6E16B50A04005E336D /* EventListController_iPhone.m in Sources */ = {isa = PBXBuildFile; fileRef = 09A8AD6516B50A04005E336D /* EventListController_iPhone.m */; };
		09A8AD6F16B50A04005E336D /* EventListController_iPhone.xib in Resources */ = {isa = PBXBuildFile; fileRef = 09A8AD6616B50A04005E336D /* EventListController_iPhone.xib */; };
		09A8AD7016B50A04005E336D /* EventListMenuController_iPhone.m in Sources */ = {isa = PBXBuildFile; fileRef = 09A8AD6816B50A04005E336D /* EventListMenuController_iPhone.m */; };
		09A8AD7116B50A04005E336D /* EventListMenuController_iPhone.xib in Resources */ = {isa = PBXBuildFile; fileRef = 09A8AD6916B50A04005E336D /* EventListMenuController_iPhone.xib */; };
		09A8AD7A16B50A38005E336D /* SettingsController_iPhone.m in Sources */ = {isa = PBXBuildFile; fileRef = 09A8AD7816B50A38005E336D /* SettingsController_iPhone.m */; };
		09A8AD7B16B50A38005E336D /* SettingsController_iPhone.xib in Resources */ = {isa = PBXBuildFile; fileRef = 09A8AD7916B50A38005E336D /* SettingsController_iPhone.xib */; };
		09A8AD9216B5765D005E336D /* EventListTableView.m in Sources */ = {isa = PBXBuildFile; fileRef = 09A8AD9116B5765D005E336D /* EventListTableView.m */; };
		09A8ADAF16B703A0005E336D /* Model.xcdatamodeld in Sources */ = {isa = PBXBuildFile; fileRef = 09A8ADAA16B703A0005E336D /* Model.xcdatamodeld */; };
		09A8ADB316B706D8005E336D /* AppModel.m in Sources */ = {isa = PBXBuildFile; fileRef = 09A8ADB216B706D8005E336D /* AppModel.m */; };
		09A8ADE816B85C63005E336D /* EventListItem.m in Sources */ = {isa = PBXBuildFile; fileRef = 09A8ADE716B85C63005E336D /* EventListItem.m */; };
		09AE2E2E16C18CF1001CB595 /* Underscore.m in Sources */ = {isa = PBXBuildFile; fileRef = 09AE2E2616C18CF1001CB595 /* Underscore.m */; };
		09AE2E2F16C18CF1001CB595 /* Underscore+Functional.m in Sources */ = {isa = PBXBuildFile; fileRef = 09AE2E2816C18CF1001CB595 /* Underscore+Functional.m */; };
		09AE2E3016C18CF1001CB595 /* USArrayWrapper.m in Sources */ = {isa = PBXBuildFile; fileRef = 09AE2E2A16C18CF1001CB595 /* USArrayWrapper.m */; };
		09AE2E3116C18CF1001CB595 /* USDictionaryWrapper.m in Sources */ = {isa = PBXBuildFile; fileRef = 09AE2E2D16C18CF1001CB595 /* USDictionaryWrapper.m */; };
		09AE2E3716C18D09001CB595 /* NSDate+MTDates.m in Sources */ = {isa = PBXBuildFile; fileRef = 09AE2E3416C18D09001CB595 /* NSDate+MTDates.m */; };
		09AE2E3816C18D09001CB595 /* NSDateComponents+MTDates.m in Sources */ = {isa = PBXBuildFile; fileRef = 09AE2E3616C18D09001CB595 /* NSDateComponents+MTDates.m */; };
		09AF2A8A16B998A7001E15BB /* Event.m in Sources */ = {isa = PBXBuildFile; fileRef = 09AF2A8916B998A7001E15BB /* Event.m */; };
		09AF2A8D16B998C8001E15BB /* Value.m in Sources */ = {isa = PBXBuildFile; fileRef = 09AF2A8C16B998C8001E15BB /* Value.m */; };
		09AF2A9016BB17A2001E15BB /* ValueListCell_iPhone.m in Sources */ = {isa = PBXBuildFile; fileRef = 09AF2A8F16BB17A2001E15BB /* ValueListCell_iPhone.m */; };
		09AF2A9216BB17D8001E15BB /* ValueListCell_iPhone.xib in Resources */ = {isa = PBXBuildFile; fileRef = 09AF2A9116BB17D8001E15BB /* ValueListCell_iPhone.xib */; };
		09AF2AA316BC2C06001E15BB /* values.lst in Resources */ = {isa = PBXBuildFile; fileRef = 09AF2AA216BC2C06001E15BB /* values.lst */; };
		09AF2AA616BC2C58001E15BB /* ValuesLoader.m in Sources */ = {isa = PBXBuildFile; fileRef = 09AF2AA516BC2C58001E15BB /* ValuesLoader.m */; };
		09AF2AD316BC4701001E15BB /* header_bkd_dark.png in Resources */ = {isa = PBXBuildFile; fileRef = 09AF2AD116BC4701001E15BB /* header_bkd_dark.png */; };
		09AF2AD416BC4701001E15BB /* header_bkd_dark@2x.png in Resources */ = {isa = PBXBuildFile; fileRef = 09AF2AD216BC4701001E15BB /* header_bkd_dark@2x.png */; };
		09AF2AD716BC4A09001E15BB /* header_bkd.png in Resources */ = {isa = PBXBuildFile; fileRef = 09AF2AD516BC4A09001E15BB /* header_bkd.png */; };
		09AF2AD816BC4A09001E15BB /* header_bkd@2x.png in Resources */ = {isa = PBXBuildFile; fileRef = 09AF2AD616BC4A09001E15BB /* header_bkd@2x.png */; };
		09AF2AE116BC4A99001E15BB /* header_button_bkd_dark_tap.png in Resources */ = {isa = PBXBuildFile; fileRef = 09AF2AD916BC4A99001E15BB /* header_button_bkd_dark_tap.png */; };
		09AF2AE216BC4A99001E15BB /* header_button_bkd_dark_tap@2x.png in Resources */ = {isa = PBXBuildFile; fileRef = 09AF2ADA16BC4A99001E15BB /* header_button_bkd_dark_tap@2x.png */; };
		09AF2AE316BC4A99001E15BB /* header_button_bkd_dark.png in Resources */ = {isa = PBXBuildFile; fileRef = 09AF2ADB16BC4A99001E15BB /* header_button_bkd_dark.png */; };
		09AF2AE416BC4A99001E15BB /* header_button_bkd_dark@2x.png in Resources */ = {isa = PBXBuildFile; fileRef = 09AF2ADC16BC4A99001E15BB /* header_button_bkd_dark@2x.png */; };
		09AF2AE516BC4A99001E15BB /* header_button_bkd_tap.png in Resources */ = {isa = PBXBuildFile; fileRef = 09AF2ADD16BC4A99001E15BB /* header_button_bkd_tap.png */; };
		09AF2AE616BC4A99001E15BB /* header_button_bkd_tap@2x.png in Resources */ = {isa = PBXBuildFile; fileRef = 09AF2ADE16BC4A99001E15BB /* header_button_bkd_tap@2x.png */; };
		09AF2AE716BC4A99001E15BB /* header_button_bkd.png in Resources */ = {isa = PBXBuildFile; fileRef = 09AF2ADF16BC4A99001E15BB /* header_button_bkd.png */; };
		09AF2AE816BC4A99001E15BB /* header_button_bkd@2x.png in Resources */ = {isa = PBXBuildFile; fileRef = 09AF2AE016BC4A99001E15BB /* header_button_bkd@2x.png */; };
		09AF2AED16BC5175001E15BB /* header_back_btn_tap.png in Resources */ = {isa = PBXBuildFile; fileRef = 09AF2AE916BC5175001E15BB /* header_back_btn_tap.png */; };
		09AF2AEE16BC5175001E15BB /* header_back_btn_tap@2x.png in Resources */ = {isa = PBXBuildFile; fileRef = 09AF2AEA16BC5175001E15BB /* header_back_btn_tap@2x.png */; };
		09AF2AEF16BC5175001E15BB /* header_back_btn.png in Resources */ = {isa = PBXBuildFile; fileRef = 09AF2AEB16BC5175001E15BB /* header_back_btn.png */; };
		09AF2AF016BC5175001E15BB /* header_back_btn@2x.png in Resources */ = {isa = PBXBuildFile; fileRef = 09AF2AEC16BC5175001E15BB /* header_back_btn@2x.png */; };
		09AF2AF316BC6C73001E15BB /* bg.jpg in Resources */ = {isa = PBXBuildFile; fileRef = 09AF2AF116BC6C73001E15BB /* bg.jpg */; };
		09AF2AF416BC6C73001E15BB /* bg@2x.jpg in Resources */ = {isa = PBXBuildFile; fileRef = 09AF2AF216BC6C73001E15BB /* bg@2x.jpg */; };
		09AF2AF716BC769A001E15BB /* edit_background.png in Resources */ = {isa = PBXBuildFile; fileRef = 09AF2AF516BC769A001E15BB /* edit_background.png */; };
		09AF2AF816BC769A001E15BB /* edit_background@2x.png in Resources */ = {isa = PBXBuildFile; fileRef = 09AF2AF616BC769A001E15BB /* edit_background@2x.png */; };
		09AF2B0516BC7B03001E15BB /* btn.png in Resources */ = {isa = PBXBuildFile; fileRef = 09AF2B0116BC7B03001E15BB /* btn.png */; };
		09AF2B0616BC7B03001E15BB /* btn_active.png in Resources */ = {isa = PBXBuildFile; fileRef = 09AF2B0216BC7B03001E15BB /* btn_active.png */; };
		09AF2B0716BC7B03001E15BB /* btn_active@2x.png in Resources */ = {isa = PBXBuildFile; fileRef = 09AF2B0316BC7B03001E15BB /* btn_active@2x.png */; };
		09AF2B0816BC7B03001E15BB /* btn@2x.png in Resources */ = {isa = PBXBuildFile; fileRef = 09AF2B0416BC7B03001E15BB /* btn@2x.png */; };
		09AF2B0B16BC7DB4001E15BB /* UIColor+Helpers.m in Sources */ = {isa = PBXBuildFile; fileRef = 09AF2B0A16BC7DB4001E15BB /* UIColor+Helpers.m */; };
		09AF2B0E16BC8240001E15BB /* grey-chevron.png in Resources */ = {isa = PBXBuildFile; fileRef = 09AF2B0C16BC8240001E15BB /* grey-chevron.png */; };
		09AF2B0F16BC8240001E15BB /* grey-chevron@2x.png in Resources */ = {isa = PBXBuildFile; fileRef = 09AF2B0D16BC8240001E15BB /* grey-chevron@2x.png */; };
		09AF2B4416BCECFE001E15BB /* UIImage+Resize.m in Sources */ = {isa = PBXBuildFile; fileRef = 09AF2B4316BCECFE001E15BB /* UIImage+Resize.m */; };
		09AF2B5316BCF6CF001E15BB /* cell_background.png in Resources */ = {isa = PBXBuildFile; fileRef = 09AF2B5116BCF6CF001E15BB /* cell_background.png */; };
		09AF2B5416BCF6CF001E15BB /* cell_background@2x.png in Resources */ = {isa = PBXBuildFile; fileRef = 09AF2B5216BCF6CF001E15BB /* cell_background@2x.png */; };
		09AF2B5716BCFA8B001E15BB /* cell_selected_background.png in Resources */ = {isa = PBXBuildFile; fileRef = 09AF2B5516BCFA8B001E15BB /* cell_selected_background.png */; };
		09AF2B5816BCFA8B001E15BB /* cell_selected_background@2x.png in Resources */ = {isa = PBXBuildFile; fileRef = 09AF2B5616BCFA8B001E15BB /* cell_selected_background@2x.png */; };
		09AF2B6616BD14E2001E15BB /* white-icon-overlay@2x.png in Resources */ = {isa = PBXBuildFile; fileRef = 09AF2B6516BD14E2001E15BB /* white-icon-overlay@2x.png */; };
		09AF2B6A16BD171B001E15BB /* white-icon-overlay.png in Resources */ = {isa = PBXBuildFile; fileRef = 09AF2B6916BD171B001E15BB /* white-icon-overlay.png */; };
		09AF2B7116BD244D001E15BB /* cellheader_background.png in Resources */ = {isa = PBXBuildFile; fileRef = 09AF2B6F16BD244C001E15BB /* cellheader_background.png */; };
		09AF2B7216BD244D001E15BB /* cellheader_background@2x.png in Resources */ = {isa = PBXBuildFile; fileRef = 09AF2B7016BD244C001E15BB /* cellheader_background@2x.png */; };
		09AF2B7816BD2863001E15BB /* JASidePanelController.m in Sources */ = {isa = PBXBuildFile; fileRef = 09AF2B7516BD2863001E15BB /* JASidePanelController.m */; };
		09AF2B7916BD2863001E15BB /* UIViewController+JASidePanel.m in Sources */ = {isa = PBXBuildFile; fileRef = 09AF2B7716BD2863001E15BB /* UIViewController+JASidePanel.m */; };
		09B23D2A16B30C2E003FFD91 /* UIKit.framework in Frameworks */ = {isa = PBXBuildFile; fileRef = 09B23D2916B30C2E003FFD91 /* UIKit.framework */; };
		09B23D2C16B30C2E003FFD91 /* Foundation.framework in Frameworks */ = {isa = PBXBuildFile; fileRef = 09B23D2B16B30C2E003FFD91 /* Foundation.framework */; };
		09B23D2E16B30C2E003FFD91 /* CoreGraphics.framework in Frameworks */ = {isa = PBXBuildFile; fileRef = 09B23D2D16B30C2E003FFD91 /* CoreGraphics.framework */; };
		09B23D3416B30C2E003FFD91 /* InfoPlist.strings in Resources */ = {isa = PBXBuildFile; fileRef = 09B23D3216B30C2E003FFD91 /* InfoPlist.strings */; };
		09B23D3616B30C2E003FFD91 /* main.m in Sources */ = {isa = PBXBuildFile; fileRef = 09B23D3516B30C2E003FFD91 /* main.m */; };
		09B23D3A16B30C2E003FFD91 /* AppDelegate.m in Sources */ = {isa = PBXBuildFile; fileRef = 09B23D3916B30C2E003FFD91 /* AppDelegate.m */; };
		09B23D3C16B30C2E003FFD91 /* Default.png in Resources */ = {isa = PBXBuildFile; fileRef = 09B23D3B16B30C2E003FFD91 /* Default.png */; };
		09B23D3E16B30C2E003FFD91 /* Default@2x.png in Resources */ = {isa = PBXBuildFile; fileRef = 09B23D3D16B30C2E003FFD91 /* Default@2x.png */; };
		09B23D4016B30C2E003FFD91 /* Default-568h@2x.png in Resources */ = {isa = PBXBuildFile; fileRef = 09B23D3F16B30C2E003FFD91 /* Default-568h@2x.png */; };
		09B23DAF16B338B3003FFD91 /* CoreData.framework in Frameworks */ = {isa = PBXBuildFile; fileRef = 09B23DAE16B338B3003FFD91 /* CoreData.framework */; };
		09B23DB116B338CC003FFD91 /* QuartzCore.framework in Frameworks */ = {isa = PBXBuildFile; fileRef = 09B23DB016B338CC003FFD91 /* QuartzCore.framework */; };
		09B9D8B416C84D9F000F3D30 /* animated-highlight.png in Resources */ = {isa = PBXBuildFile; fileRef = 09B9D8B216C84D9F000F3D30 /* animated-highlight.png */; };
		09B9D8B516C84D9F000F3D30 /* animated-highlight@2x.png in Resources */ = {isa = PBXBuildFile; fileRef = 09B9D8B316C84D9F000F3D30 /* animated-highlight@2x.png */; };
		09CDD2A116CD50BF00CA349D /* libGoogleAnalytics.a in Frameworks */ = {isa = PBXBuildFile; fileRef = 09CDD29F16CD50BF00CA349D /* libGoogleAnalytics.a */; };
		09CDD2A316CD50FA00CA349D /* SystemConfiguration.framework in Frameworks */ = {isa = PBXBuildFile; fileRef = 09CDD2A216CD50FA00CA349D /* SystemConfiguration.framework */; };
		09D157ED16C57263001D9931 /* EventSelectorController_iPhone.m in Sources */ = {isa = PBXBuildFile; fileRef = 09D157EB16C57263001D9931 /* EventSelectorController_iPhone.m */; };
		09D157EE16C57263001D9931 /* EventSelectorController_iPhone.xib in Resources */ = {isa = PBXBuildFile; fileRef = 09D157EC16C57263001D9931 /* EventSelectorController_iPhone.xib */; };
		09D1580016C57DE7001D9931 /* MonthlyEventListTableModel.m in Sources */ = {isa = PBXBuildFile; fileRef = 09D157FF16C57DE7001D9931 /* MonthlyEventListTableModel.m */; };
/* End PBXBuildFile section */

/* Begin PBXFileReference section */
		0903EFA516BD5B0E00547357 /* EventListMenuCell_iPhone.h */ = {isa = PBXFileReference; fileEncoding = 4; lastKnownFileType = sourcecode.c.h; path = EventListMenuCell_iPhone.h; sourceTree = "<group>"; };
		0903EFA616BD5B0E00547357 /* EventListMenuCell_iPhone.m */ = {isa = PBXFileReference; fileEncoding = 4; lastKnownFileType = sourcecode.c.objc; path = EventListMenuCell_iPhone.m; sourceTree = "<group>"; };
		0903EFA816BD5B4D00547357 /* EventListMenuCell_iPhone.xib */ = {isa = PBXFileReference; fileEncoding = 4; lastKnownFileType = file.xib; path = EventListMenuCell_iPhone.xib; sourceTree = "<group>"; };
		0903EFAA16BD5EA500547357 /* UIBorderLabel.h */ = {isa = PBXFileReference; fileEncoding = 4; lastKnownFileType = sourcecode.c.h; path = UIBorderLabel.h; sourceTree = "<group>"; };
		0903EFAB16BD5EA500547357 /* UIBorderLabel.m */ = {isa = PBXFileReference; fileEncoding = 4; lastKnownFileType = sourcecode.c.objc; path = UIBorderLabel.m; sourceTree = "<group>"; };
		09130E7A16BE9B85004A289C /* WCAlertView.h */ = {isa = PBXFileReference; fileEncoding = 4; lastKnownFileType = sourcecode.c.h; name = WCAlertView.h; path = vendor/WCAlertView/WCAlertView/WCAlertView.h; sourceTree = "<group>"; };
		09130E7B16BE9B85004A289C /* WCAlertView.m */ = {isa = PBXFileReference; fileEncoding = 4; lastKnownFileType = sourcecode.c.objc; name = WCAlertView.m; path = vendor/WCAlertView/WCAlertView/WCAlertView.m; sourceTree = "<group>"; };
		091A00FD16CCA42B00FC8334 /* ImportantValueListController_iPhone.h */ = {isa = PBXFileReference; fileEncoding = 4; lastKnownFileType = sourcecode.c.h; path = ImportantValueListController_iPhone.h; sourceTree = "<group>"; };
		091A00FE16CCA42B00FC8334 /* ImportantValueListController_iPhone.m */ = {isa = PBXFileReference; fileEncoding = 4; lastKnownFileType = sourcecode.c.objc; path = ImportantValueListController_iPhone.m; sourceTree = "<group>"; };
		091A00FF16CCA42B00FC8334 /* ImportantValueListController_iPhone.xib */ = {isa = PBXFileReference; fileEncoding = 4; lastKnownFileType = file.xib; path = ImportantValueListController_iPhone.xib; sourceTree = "<group>"; };
		0922F5C416C7CB860092A6C6 /* EventLoader.h */ = {isa = PBXFileReference; fileEncoding = 4; lastKnownFileType = sourcecode.c.h; path = EventLoader.h; sourceTree = "<group>"; };
		0922F5C516C7CB860092A6C6 /* EventLoader.m */ = {isa = PBXFileReference; fileEncoding = 4; lastKnownFileType = sourcecode.c.objc; path = EventLoader.m; sourceTree = "<group>"; };
		0925633916CAB02700E64FC0 /* NotificationManager.h */ = {isa = PBXFileReference; fileEncoding = 4; lastKnownFileType = sourcecode.c.h; path = NotificationManager.h; sourceTree = "<group>"; };
		0925633A16CAB02700E64FC0 /* NotificationManager.m */ = {isa = PBXFileReference; fileEncoding = 4; lastKnownFileType = sourcecode.c.objc; path = NotificationManager.m; sourceTree = "<group>"; };
		093C1AB716C99D8300E76C0C /* ru */ = {isa = PBXFileReference; lastKnownFileType = text.plist.strings; name = ru; path = ru.lproj/InfoPlist.strings; sourceTree = "<group>"; };
		0962D87A16B887E200C6269A /* menu-icon.png */ = {isa = PBXFileReference; lastKnownFileType = image.png; path = "menu-icon.png"; sourceTree = "<group>"; };
		0962D87B16B887E200C6269A /* menu-icon@2x.png */ = {isa = PBXFileReference; lastKnownFileType = image.png; path = "menu-icon@2x.png"; sourceTree = "<group>"; };
		0962D8A016B88BA400C6269A /* grey-icon-overlay.png */ = {isa = PBXFileReference; lastKnownFileType = image.png; path = "grey-icon-overlay.png"; sourceTree = "<group>"; };
		0962D8A116B88BA400C6269A /* grey-icon-overlay@2x.png */ = {isa = PBXFileReference; lastKnownFileType = image.png; path = "grey-icon-overlay@2x.png"; sourceTree = "<group>"; };
		0965532616CBFD2E0050597D /* adhoc-app-icon-72.png */ = {isa = PBXFileReference; lastKnownFileType = image.png; path = "adhoc-app-icon-72.png"; sourceTree = SOURCE_ROOT; };
		0965532716CBFD2E0050597D /* adhoc-app-icon-72@2x.png */ = {isa = PBXFileReference; lastKnownFileType = image.png; path = "adhoc-app-icon-72@2x.png"; sourceTree = SOURCE_ROOT; };
		0965532816CBFD2E0050597D /* adhoc-app-icon.png */ = {isa = PBXFileReference; lastKnownFileType = image.png; path = "adhoc-app-icon.png"; sourceTree = SOURCE_ROOT; };
		0965532916CBFD2E0050597D /* adhoc-app-icon@2x.png */ = {isa = PBXFileReference; lastKnownFileType = image.png; path = "adhoc-app-icon@2x.png"; sourceTree = SOURCE_ROOT; };
		0965532E16CBFD3A0050597D /* dev-app-icon-72.png */ = {isa = PBXFileReference; lastKnownFileType = image.png; path = "dev-app-icon-72.png"; sourceTree = SOURCE_ROOT; };
		0965532F16CBFD3A0050597D /* dev-app-icon-72@2x.png */ = {isa = PBXFileReference; lastKnownFileType = image.png; path = "dev-app-icon-72@2x.png"; sourceTree = SOURCE_ROOT; };
		0965533016CBFD3A0050597D /* dev-app-icon.png */ = {isa = PBXFileReference; lastKnownFileType = image.png; path = "dev-app-icon.png"; sourceTree = SOURCE_ROOT; };
		0965533116CBFD3A0050597D /* dev-app-icon@2x.png */ = {isa = PBXFileReference; lastKnownFileType = image.png; path = "dev-app-icon@2x.png"; sourceTree = SOURCE_ROOT; };
		097FD79C16C6CC9400F092D2 /* EventListHandler.h */ = {isa = PBXFileReference; fileEncoding = 4; lastKnownFileType = sourcecode.c.h; path = EventListHandler.h; sourceTree = "<group>"; };
		097FD79E16C6CD9400F092D2 /* WeeklyEventListHandler.h */ = {isa = PBXFileReference; fileEncoding = 4; lastKnownFileType = sourcecode.c.h; path = WeeklyEventListHandler.h; sourceTree = "<group>"; };
		097FD79F16C6CD9400F092D2 /* WeeklyEventListHandler.m */ = {isa = PBXFileReference; fileEncoding = 4; lastKnownFileType = sourcecode.c.objc; path = WeeklyEventListHandler.m; sourceTree = "<group>"; };
		097FD7A116C6DADB00F092D2 /* MonthlyEventListHandler.h */ = {isa = PBXFileReference; fileEncoding = 4; lastKnownFileType = sourcecode.c.h; path = MonthlyEventListHandler.h; sourceTree = "<group>"; };
		097FD7A216C6DADB00F092D2 /* MonthlyEventListHandler.m */ = {isa = PBXFileReference; fileEncoding = 4; lastKnownFileType = sourcecode.c.objc; path = MonthlyEventListHandler.m; sourceTree = "<group>"; };
		097FD7A416C6DD2D00F092D2 /* YearlyEventListHandler.h */ = {isa = PBXFileReference; fileEncoding = 4; lastKnownFileType = sourcecode.c.h; path = YearlyEventListHandler.h; sourceTree = "<group>"; };
		097FD7A516C6DD2D00F092D2 /* YearlyEventListHandler.m */ = {isa = PBXFileReference; fileEncoding = 4; lastKnownFileType = sourcecode.c.objc; path = YearlyEventListHandler.m; sourceTree = "<group>"; };
		0998C52516CAA1530075DBB7 /* app-icon.png */ = {isa = PBXFileReference; lastKnownFileType = image.png; name = "app-icon.png"; path = "../../app-icon.png"; sourceTree = "<group>"; };
		0998C52716CAA15A0075DBB7 /* app-icon@2x.png */ = {isa = PBXFileReference; lastKnownFileType = image.png; name = "app-icon@2x.png"; path = "../../app-icon@2x.png"; sourceTree = "<group>"; };
		0998C52916CAA16D0075DBB7 /* app-icon-72.png */ = {isa = PBXFileReference; lastKnownFileType = image.png; name = "app-icon-72.png"; path = "../../app-icon-72.png"; sourceTree = "<group>"; };
		0998C52B16CAA1710075DBB7 /* app-icon-72@2x.png */ = {isa = PBXFileReference; lastKnownFileType = image.png; name = "app-icon-72@2x.png"; path = "../../app-icon-72@2x.png"; sourceTree = "<group>"; };
		099CC38516C649F200A028C1 /* YearlyEventListTableModel.h */ = {isa = PBXFileReference; fileEncoding = 4; lastKnownFileType = sourcecode.c.h; path = YearlyEventListTableModel.h; sourceTree = "<group>"; };
		099CC38616C649F200A028C1 /* YearlyEventListTableModel.m */ = {isa = PBXFileReference; fileEncoding = 4; lastKnownFileType = sourcecode.c.objc; path = YearlyEventListTableModel.m; sourceTree = "<group>"; };
		09A8ACA916B3CBA5005E336D /* TPKeyboardAvoidingScrollView.h */ = {isa = PBXFileReference; fileEncoding = 4; lastKnownFileType = sourcecode.c.h; name = TPKeyboardAvoidingScrollView.h; path = vendor/TPKeyboardAvoiding/TPKeyboardAvoidingScrollView.h; sourceTree = "<group>"; };
		09A8ACAA16B3CBA5005E336D /* TPKeyboardAvoidingScrollView.m */ = {isa = PBXFileReference; fileEncoding = 4; lastKnownFileType = sourcecode.c.objc; name = TPKeyboardAvoidingScrollView.m; path = vendor/TPKeyboardAvoiding/TPKeyboardAvoidingScrollView.m; sourceTree = "<group>"; };
		09A8ACAB16B3CBA5005E336D /* TPKeyboardAvoidingTableView.h */ = {isa = PBXFileReference; fileEncoding = 4; lastKnownFileType = sourcecode.c.h; name = TPKeyboardAvoidingTableView.h; path = vendor/TPKeyboardAvoiding/TPKeyboardAvoidingTableView.h; sourceTree = "<group>"; };
		09A8ACAC16B3CBA5005E336D /* TPKeyboardAvoidingTableView.m */ = {isa = PBXFileReference; fileEncoding = 4; lastKnownFileType = sourcecode.c.objc; name = TPKeyboardAvoidingTableView.m; path = vendor/TPKeyboardAvoiding/TPKeyboardAvoidingTableView.m; sourceTree = "<group>"; };
		09A8ACD816B43BE6005E336D /* NSManagedObject+Helpers.h */ = {isa = PBXFileReference; fileEncoding = 4; lastKnownFileType = sourcecode.c.h; path = "NSManagedObject+Helpers.h"; sourceTree = "<group>"; };
		09A8ACD916B43BE6005E336D /* NSManagedObject+Helpers.m */ = {isa = PBXFileReference; fileEncoding = 4; lastKnownFileType = sourcecode.c.objc; path = "NSManagedObject+Helpers.m"; sourceTree = "<group>"; };
		09A8ACDA16B43BE6005E336D /* NSManagedObjectContext+Helpers.h */ = {isa = PBXFileReference; fileEncoding = 4; lastKnownFileType = sourcecode.c.h; path = "NSManagedObjectContext+Helpers.h"; sourceTree = "<group>"; };
		09A8ACDB16B43BE6005E336D /* NSManagedObjectContext+Helpers.m */ = {isa = PBXFileReference; fileEncoding = 4; lastKnownFileType = sourcecode.c.objc; path = "NSManagedObjectContext+Helpers.m"; sourceTree = "<group>"; };
		09A8ACDC16B43BE6005E336D /* NSManagedObjectModel+Helpers.h */ = {isa = PBXFileReference; fileEncoding = 4; lastKnownFileType = sourcecode.c.h; path = "NSManagedObjectModel+Helpers.h"; sourceTree = "<group>"; };
		09A8ACDD16B43BE6005E336D /* NSManagedObjectModel+Helpers.m */ = {isa = PBXFileReference; fileEncoding = 4; lastKnownFileType = sourcecode.c.objc; path = "NSManagedObjectModel+Helpers.m"; sourceTree = "<group>"; };
		09A8ACE316B43DDC005E336D /* NSURL+Helpers.h */ = {isa = PBXFileReference; fileEncoding = 4; lastKnownFileType = sourcecode.c.h; path = "NSURL+Helpers.h"; sourceTree = "<group>"; };
		09A8ACE416B43DDC005E336D /* NSURL+Helpers.m */ = {isa = PBXFileReference; fileEncoding = 4; lastKnownFileType = sourcecode.c.objc; path = "NSURL+Helpers.m"; sourceTree = "<group>"; };
		09A8ACE616B442AE005E336D /* UITableViewCell+NIB.h */ = {isa = PBXFileReference; fileEncoding = 4; lastKnownFileType = sourcecode.c.h; path = "UITableViewCell+NIB.h"; sourceTree = "<group>"; };
		09A8ACE716B442AF005E336D /* UITableViewCell+NIB.m */ = {isa = PBXFileReference; fileEncoding = 4; lastKnownFileType = sourcecode.c.objc; path = "UITableViewCell+NIB.m"; sourceTree = "<group>"; };
		09A8ACF316B507DF005E336D /* EventListTableModelDecoratorForUITableView.h */ = {isa = PBXFileReference; fileEncoding = 4; lastKnownFileType = sourcecode.c.h; path = EventListTableModelDecoratorForUITableView.h; sourceTree = "<group>"; };
		09A8ACF416B507DF005E336D /* EventListTableModelDecoratorForUITableView.m */ = {isa = PBXFileReference; fileEncoding = 4; lastKnownFileType = sourcecode.c.objc; path = EventListTableModelDecoratorForUITableView.m; sourceTree = "<group>"; };
		09A8ACF516B507DF005E336D /* WeeklyEventListTableModel.m */ = {isa = PBXFileReference; fileEncoding = 4; lastKnownFileType = sourcecode.c.objc; path = WeeklyEventListTableModel.m; sourceTree = "<group>"; };
		09A8ACF616B507DF005E336D /* WeeklyEventListTableModel.h */ = {isa = PBXFileReference; fileEncoding = 4; lastKnownFileType = sourcecode.c.h; path = WeeklyEventListTableModel.h; sourceTree = "<group>"; };
		09A8ACF716B507DF005E336D /* EventListGroup.h */ = {isa = PBXFileReference; fileEncoding = 4; lastKnownFileType = sourcecode.c.h; path = EventListGroup.h; sourceTree = "<group>"; };
		09A8ACF816B507DF005E336D /* EventListGroup.m */ = {isa = PBXFileReference; fileEncoding = 4; lastKnownFileType = sourcecode.c.objc; path = EventListGroup.m; sourceTree = "<group>"; };
		09A8AD2E16B5082F005E336D /* MainController_iPhone.h */ = {isa = PBXFileReference; fileEncoding = 4; lastKnownFileType = sourcecode.c.h; path = MainController_iPhone.h; sourceTree = "<group>"; };
		09A8AD2F16B5082F005E336D /* MainController_iPhone.m */ = {isa = PBXFileReference; fileEncoding = 4; lastKnownFileType = sourcecode.c.objc; path = MainController_iPhone.m; sourceTree = "<group>"; };
		09A8AD5416B509F6005E336D /* ValueEditorController_iPhone.h */ = {isa = PBXFileReference; fileEncoding = 4; lastKnownFileType = sourcecode.c.h; path = ValueEditorController_iPhone.h; sourceTree = "<group>"; };
		09A8AD5516B509F6005E336D /* ValueEditorController_iPhone.m */ = {isa = PBXFileReference; fileEncoding = 4; lastKnownFileType = sourcecode.c.objc; path = ValueEditorController_iPhone.m; sourceTree = "<group>"; };
		09A8AD5616B509F6005E336D /* ValueEditorController_iPhone.xib */ = {isa = PBXFileReference; fileEncoding = 4; lastKnownFileType = file.xib; path = ValueEditorController_iPhone.xib; sourceTree = "<group>"; };
		09A8AD5716B509F6005E336D /* ValueListController_iPhone.h */ = {isa = PBXFileReference; fileEncoding = 4; lastKnownFileType = sourcecode.c.h; path = ValueListController_iPhone.h; sourceTree = "<group>"; };
		09A8AD5816B509F6005E336D /* ValueListController_iPhone.m */ = {isa = PBXFileReference; fileEncoding = 4; lastKnownFileType = sourcecode.c.objc; path = ValueListController_iPhone.m; sourceTree = "<group>"; };
		09A8AD5916B509F6005E336D /* ValueListController_iPhone.xib */ = {isa = PBXFileReference; fileEncoding = 4; lastKnownFileType = file.xib; path = ValueListController_iPhone.xib; sourceTree = "<group>"; };
		09A8AD5E16B50A04005E336D /* EventEditorController_iPhone.h */ = {isa = PBXFileReference; fileEncoding = 4; lastKnownFileType = sourcecode.c.h; path = EventEditorController_iPhone.h; sourceTree = "<group>"; };
		09A8AD5F16B50A04005E336D /* EventEditorController_iPhone.m */ = {isa = PBXFileReference; fileEncoding = 4; lastKnownFileType = sourcecode.c.objc; path = EventEditorController_iPhone.m; sourceTree = "<group>"; };
		09A8AD6016B50A04005E336D /* EventEditorController_iPhone.xib */ = {isa = PBXFileReference; fileEncoding = 4; lastKnownFileType = file.xib; path = EventEditorController_iPhone.xib; sourceTree = "<group>"; };
		09A8AD6116B50A04005E336D /* EventListCell_iPhone.h */ = {isa = PBXFileReference; fileEncoding = 4; lastKnownFileType = sourcecode.c.h; path = EventListCell_iPhone.h; sourceTree = "<group>"; };
		09A8AD6216B50A04005E336D /* EventListCell_iPhone.m */ = {isa = PBXFileReference; fileEncoding = 4; lastKnownFileType = sourcecode.c.objc; path = EventListCell_iPhone.m; sourceTree = "<group>"; };
		09A8AD6316B50A04005E336D /* EventListCell_iPhone.xib */ = {isa = PBXFileReference; fileEncoding = 4; lastKnownFileType = file.xib; path = EventListCell_iPhone.xib; sourceTree = "<group>"; };
		09A8AD6416B50A04005E336D /* EventListController_iPhone.h */ = {isa = PBXFileReference; fileEncoding = 4; lastKnownFileType = sourcecode.c.h; path = EventListController_iPhone.h; sourceTree = "<group>"; };
		09A8AD6516B50A04005E336D /* EventListController_iPhone.m */ = {isa = PBXFileReference; fileEncoding = 4; lastKnownFileType = sourcecode.c.objc; path = EventListController_iPhone.m; sourceTree = "<group>"; };
		09A8AD6616B50A04005E336D /* EventListController_iPhone.xib */ = {isa = PBXFileReference; fileEncoding = 4; lastKnownFileType = file.xib; path = EventListController_iPhone.xib; sourceTree = "<group>"; };
		09A8AD6716B50A04005E336D /* EventListMenuController_iPhone.h */ = {isa = PBXFileReference; fileEncoding = 4; lastKnownFileType = sourcecode.c.h; path = EventListMenuController_iPhone.h; sourceTree = "<group>"; };
		09A8AD6816B50A04005E336D /* EventListMenuController_iPhone.m */ = {isa = PBXFileReference; fileEncoding = 4; lastKnownFileType = sourcecode.c.objc; path = EventListMenuController_iPhone.m; sourceTree = "<group>"; };
		09A8AD6916B50A04005E336D /* EventListMenuController_iPhone.xib */ = {isa = PBXFileReference; fileEncoding = 4; lastKnownFileType = file.xib; path = EventListMenuController_iPhone.xib; sourceTree = "<group>"; };
		09A8AD7716B50A38005E336D /* SettingsController_iPhone.h */ = {isa = PBXFileReference; fileEncoding = 4; lastKnownFileType = sourcecode.c.h; path = SettingsController_iPhone.h; sourceTree = "<group>"; };
		09A8AD7816B50A38005E336D /* SettingsController_iPhone.m */ = {isa = PBXFileReference; fileEncoding = 4; lastKnownFileType = sourcecode.c.objc; path = SettingsController_iPhone.m; sourceTree = "<group>"; };
		09A8AD7916B50A38005E336D /* SettingsController_iPhone.xib */ = {isa = PBXFileReference; fileEncoding = 4; lastKnownFileType = file.xib; path = SettingsController_iPhone.xib; sourceTree = "<group>"; };
		09A8AD9016B5765D005E336D /* EventListTableView.h */ = {isa = PBXFileReference; fileEncoding = 4; lastKnownFileType = sourcecode.c.h; path = EventListTableView.h; sourceTree = "<group>"; };
		09A8AD9116B5765D005E336D /* EventListTableView.m */ = {isa = PBXFileReference; fileEncoding = 4; lastKnownFileType = sourcecode.c.objc; path = EventListTableView.m; sourceTree = "<group>"; };
		09A8ADAB16B703A0005E336D /* Model.xcdatamodel */ = {isa = PBXFileReference; lastKnownFileType = wrapper.xcdatamodel; path = Model.xcdatamodel; sourceTree = "<group>"; };
		09A8ADB116B706D8005E336D /* AppModel.h */ = {isa = PBXFileReference; fileEncoding = 4; lastKnownFileType = sourcecode.c.h; path = AppModel.h; sourceTree = "<group>"; };
		09A8ADB216B706D8005E336D /* AppModel.m */ = {isa = PBXFileReference; fileEncoding = 4; lastKnownFileType = sourcecode.c.objc; path = AppModel.m; sourceTree = "<group>"; };
		09A8ADE616B85C63005E336D /* EventListItem.h */ = {isa = PBXFileReference; fileEncoding = 4; lastKnownFileType = sourcecode.c.h; path = EventListItem.h; sourceTree = "<group>"; };
		09A8ADE716B85C63005E336D /* EventListItem.m */ = {isa = PBXFileReference; fileEncoding = 4; lastKnownFileType = sourcecode.c.objc; path = EventListItem.m; sourceTree = "<group>"; };
		09AE2E2516C18CF1001CB595 /* Underscore.h */ = {isa = PBXFileReference; fileEncoding = 4; lastKnownFileType = sourcecode.c.h; name = Underscore.h; path = vendor/underscore/Underscore/Underscore.h; sourceTree = "<group>"; };
		09AE2E2616C18CF1001CB595 /* Underscore.m */ = {isa = PBXFileReference; fileEncoding = 4; lastKnownFileType = sourcecode.c.objc; name = Underscore.m; path = vendor/underscore/Underscore/Underscore.m; sourceTree = "<group>"; };
		09AE2E2716C18CF1001CB595 /* Underscore+Functional.h */ = {isa = PBXFileReference; fileEncoding = 4; lastKnownFileType = sourcecode.c.h; name = "Underscore+Functional.h"; path = "vendor/underscore/Underscore/Underscore+Functional.h"; sourceTree = "<group>"; };
		09AE2E2816C18CF1001CB595 /* Underscore+Functional.m */ = {isa = PBXFileReference; fileEncoding = 4; lastKnownFileType = sourcecode.c.objc; name = "Underscore+Functional.m"; path = "vendor/underscore/Underscore/Underscore+Functional.m"; sourceTree = "<group>"; };
		09AE2E2916C18CF1001CB595 /* USArrayWrapper.h */ = {isa = PBXFileReference; fileEncoding = 4; lastKnownFileType = sourcecode.c.h; name = USArrayWrapper.h; path = vendor/underscore/Underscore/USArrayWrapper.h; sourceTree = "<group>"; };
		09AE2E2A16C18CF1001CB595 /* USArrayWrapper.m */ = {isa = PBXFileReference; fileEncoding = 4; lastKnownFileType = sourcecode.c.objc; name = USArrayWrapper.m; path = vendor/underscore/Underscore/USArrayWrapper.m; sourceTree = "<group>"; };
		09AE2E2B16C18CF1001CB595 /* USConstants.h */ = {isa = PBXFileReference; fileEncoding = 4; lastKnownFileType = sourcecode.c.h; name = USConstants.h; path = vendor/underscore/Underscore/USConstants.h; sourceTree = "<group>"; };
		09AE2E2C16C18CF1001CB595 /* USDictionaryWrapper.h */ = {isa = PBXFileReference; fileEncoding = 4; lastKnownFileType = sourcecode.c.h; name = USDictionaryWrapper.h; path = vendor/underscore/Underscore/USDictionaryWrapper.h; sourceTree = "<group>"; };
		09AE2E2D16C18CF1001CB595 /* USDictionaryWrapper.m */ = {isa = PBXFileReference; fileEncoding = 4; lastKnownFileType = sourcecode.c.objc; name = USDictionaryWrapper.m; path = vendor/underscore/Underscore/USDictionaryWrapper.m; sourceTree = "<group>"; };
		09AE2E3316C18D09001CB595 /* NSDate+MTDates.h */ = {isa = PBXFileReference; fileEncoding = 4; lastKnownFileType = sourcecode.c.h; name = "NSDate+MTDates.h"; path = "vendor/MTDates/MTDates/NSDate+MTDates.h"; sourceTree = "<group>"; };
		09AE2E3416C18D09001CB595 /* NSDate+MTDates.m */ = {isa = PBXFileReference; fileEncoding = 4; lastKnownFileType = sourcecode.c.objc; name = "NSDate+MTDates.m"; path = "vendor/MTDates/MTDates/NSDate+MTDates.m"; sourceTree = "<group>"; };
		09AE2E3516C18D09001CB595 /* NSDateComponents+MTDates.h */ = {isa = PBXFileReference; fileEncoding = 4; lastKnownFileType = sourcecode.c.h; name = "NSDateComponents+MTDates.h"; path = "vendor/MTDates/MTDates/NSDateComponents+MTDates.h"; sourceTree = "<group>"; };
		09AE2E3616C18D09001CB595 /* NSDateComponents+MTDates.m */ = {isa = PBXFileReference; fileEncoding = 4; lastKnownFileType = sourcecode.c.objc; name = "NSDateComponents+MTDates.m"; path = "vendor/MTDates/MTDates/NSDateComponents+MTDates.m"; sourceTree = "<group>"; };
		09AF2A8816B998A7001E15BB /* Event.h */ = {isa = PBXFileReference; fileEncoding = 4; lastKnownFileType = sourcecode.c.h; path = Event.h; sourceTree = "<group>"; };
		09AF2A8916B998A7001E15BB /* Event.m */ = {isa = PBXFileReference; fileEncoding = 4; lastKnownFileType = sourcecode.c.objc; path = Event.m; sourceTree = "<group>"; };
		09AF2A8B16B998C8001E15BB /* Value.h */ = {isa = PBXFileReference; fileEncoding = 4; lastKnownFileType = sourcecode.c.h; path = Value.h; sourceTree = "<group>"; };
		09AF2A8C16B998C8001E15BB /* Value.m */ = {isa = PBXFileReference; fileEncoding = 4; lastKnownFileType = sourcecode.c.objc; path = Value.m; sourceTree = "<group>"; };
		09AF2A8E16BB17A2001E15BB /* ValueListCell_iPhone.h */ = {isa = PBXFileReference; fileEncoding = 4; lastKnownFileType = sourcecode.c.h; path = ValueListCell_iPhone.h; sourceTree = "<group>"; };
		09AF2A8F16BB17A2001E15BB /* ValueListCell_iPhone.m */ = {isa = PBXFileReference; fileEncoding = 4; lastKnownFileType = sourcecode.c.objc; path = ValueListCell_iPhone.m; sourceTree = "<group>"; };
		09AF2A9116BB17D8001E15BB /* ValueListCell_iPhone.xib */ = {isa = PBXFileReference; fileEncoding = 4; lastKnownFileType = file.xib; path = ValueListCell_iPhone.xib; sourceTree = "<group>"; };
		09AF2AA216BC2C06001E15BB /* values.lst */ = {isa = PBXFileReference; fileEncoding = 4; lastKnownFileType = text; path = values.lst; sourceTree = "<group>"; };
		09AF2AA416BC2C58001E15BB /* ValuesLoader.h */ = {isa = PBXFileReference; fileEncoding = 4; lastKnownFileType = sourcecode.c.h; path = ValuesLoader.h; sourceTree = "<group>"; };
		09AF2AA516BC2C58001E15BB /* ValuesLoader.m */ = {isa = PBXFileReference; fileEncoding = 4; lastKnownFileType = sourcecode.c.objc; path = ValuesLoader.m; sourceTree = "<group>"; };
		09AF2AD116BC4701001E15BB /* header_bkd_dark.png */ = {isa = PBXFileReference; lastKnownFileType = image.png; path = header_bkd_dark.png; sourceTree = "<group>"; };
		09AF2AD216BC4701001E15BB /* header_bkd_dark@2x.png */ = {isa = PBXFileReference; lastKnownFileType = image.png; path = "header_bkd_dark@2x.png"; sourceTree = "<group>"; };
		09AF2AD516BC4A09001E15BB /* header_bkd.png */ = {isa = PBXFileReference; lastKnownFileType = image.png; path = header_bkd.png; sourceTree = "<group>"; };
		09AF2AD616BC4A09001E15BB /* header_bkd@2x.png */ = {isa = PBXFileReference; lastKnownFileType = image.png; path = "header_bkd@2x.png"; sourceTree = "<group>"; };
		09AF2AD916BC4A99001E15BB /* header_button_bkd_dark_tap.png */ = {isa = PBXFileReference; lastKnownFileType = image.png; path = header_button_bkd_dark_tap.png; sourceTree = "<group>"; };
		09AF2ADA16BC4A99001E15BB /* header_button_bkd_dark_tap@2x.png */ = {isa = PBXFileReference; lastKnownFileType = image.png; path = "header_button_bkd_dark_tap@2x.png"; sourceTree = "<group>"; };
		09AF2ADB16BC4A99001E15BB /* header_button_bkd_dark.png */ = {isa = PBXFileReference; lastKnownFileType = image.png; path = header_button_bkd_dark.png; sourceTree = "<group>"; };
		09AF2ADC16BC4A99001E15BB /* header_button_bkd_dark@2x.png */ = {isa = PBXFileReference; lastKnownFileType = image.png; path = "header_button_bkd_dark@2x.png"; sourceTree = "<group>"; };
		09AF2ADD16BC4A99001E15BB /* header_button_bkd_tap.png */ = {isa = PBXFileReference; lastKnownFileType = image.png; path = header_button_bkd_tap.png; sourceTree = "<group>"; };
		09AF2ADE16BC4A99001E15BB /* header_button_bkd_tap@2x.png */ = {isa = PBXFileReference; lastKnownFileType = image.png; path = "header_button_bkd_tap@2x.png"; sourceTree = "<group>"; };
		09AF2ADF16BC4A99001E15BB /* header_button_bkd.png */ = {isa = PBXFileReference; lastKnownFileType = image.png; path = header_button_bkd.png; sourceTree = "<group>"; };
		09AF2AE016BC4A99001E15BB /* header_button_bkd@2x.png */ = {isa = PBXFileReference; lastKnownFileType = image.png; path = "header_button_bkd@2x.png"; sourceTree = "<group>"; };
		09AF2AE916BC5175001E15BB /* header_back_btn_tap.png */ = {isa = PBXFileReference; lastKnownFileType = image.png; path = header_back_btn_tap.png; sourceTree = "<group>"; };
		09AF2AEA16BC5175001E15BB /* header_back_btn_tap@2x.png */ = {isa = PBXFileReference; lastKnownFileType = image.png; path = "header_back_btn_tap@2x.png"; sourceTree = "<group>"; };
		09AF2AEB16BC5175001E15BB /* header_back_btn.png */ = {isa = PBXFileReference; lastKnownFileType = image.png; path = header_back_btn.png; sourceTree = "<group>"; };
		09AF2AEC16BC5175001E15BB /* header_back_btn@2x.png */ = {isa = PBXFileReference; lastKnownFileType = image.png; path = "header_back_btn@2x.png"; sourceTree = "<group>"; };
		09AF2AF116BC6C73001E15BB /* bg.jpg */ = {isa = PBXFileReference; lastKnownFileType = image.jpeg; path = bg.jpg; sourceTree = "<group>"; };
		09AF2AF216BC6C73001E15BB /* bg@2x.jpg */ = {isa = PBXFileReference; lastKnownFileType = image.jpeg; path = "bg@2x.jpg"; sourceTree = "<group>"; };
		09AF2AF516BC769A001E15BB /* edit_background.png */ = {isa = PBXFileReference; lastKnownFileType = image.png; path = edit_background.png; sourceTree = "<group>"; };
		09AF2AF616BC769A001E15BB /* edit_background@2x.png */ = {isa = PBXFileReference; lastKnownFileType = image.png; path = "edit_background@2x.png"; sourceTree = "<group>"; };
		09AF2B0116BC7B03001E15BB /* btn.png */ = {isa = PBXFileReference; lastKnownFileType = image.png; path = btn.png; sourceTree = "<group>"; };
		09AF2B0216BC7B03001E15BB /* btn_active.png */ = {isa = PBXFileReference; lastKnownFileType = image.png; path = btn_active.png; sourceTree = "<group>"; };
		09AF2B0316BC7B03001E15BB /* btn_active@2x.png */ = {isa = PBXFileReference; lastKnownFileType = image.png; path = "btn_active@2x.png"; sourceTree = "<group>"; };
		09AF2B0416BC7B03001E15BB /* btn@2x.png */ = {isa = PBXFileReference; lastKnownFileType = image.png; path = "btn@2x.png"; sourceTree = "<group>"; };
		09AF2B0916BC7DB4001E15BB /* UIColor+Helpers.h */ = {isa = PBXFileReference; fileEncoding = 4; lastKnownFileType = sourcecode.c.h; path = "UIColor+Helpers.h"; sourceTree = "<group>"; };
		09AF2B0A16BC7DB4001E15BB /* UIColor+Helpers.m */ = {isa = PBXFileReference; fileEncoding = 4; lastKnownFileType = sourcecode.c.objc; path = "UIColor+Helpers.m"; sourceTree = "<group>"; };
		09AF2B0C16BC8240001E15BB /* grey-chevron.png */ = {isa = PBXFileReference; lastKnownFileType = image.png; path = "grey-chevron.png"; sourceTree = "<group>"; };
		09AF2B0D16BC8240001E15BB /* grey-chevron@2x.png */ = {isa = PBXFileReference; lastKnownFileType = image.png; path = "grey-chevron@2x.png"; sourceTree = "<group>"; };
		09AF2B4216BCECFE001E15BB /* UIImage+Resize.h */ = {isa = PBXFileReference; fileEncoding = 4; lastKnownFileType = sourcecode.c.h; path = "UIImage+Resize.h"; sourceTree = "<group>"; };
		09AF2B4316BCECFE001E15BB /* UIImage+Resize.m */ = {isa = PBXFileReference; fileEncoding = 4; lastKnownFileType = sourcecode.c.objc; path = "UIImage+Resize.m"; sourceTree = "<group>"; };
		09AF2B5116BCF6CF001E15BB /* cell_background.png */ = {isa = PBXFileReference; lastKnownFileType = image.png; path = cell_background.png; sourceTree = "<group>"; };
		09AF2B5216BCF6CF001E15BB /* cell_background@2x.png */ = {isa = PBXFileReference; lastKnownFileType = image.png; path = "cell_background@2x.png"; sourceTree = "<group>"; };
		09AF2B5516BCFA8B001E15BB /* cell_selected_background.png */ = {isa = PBXFileReference; lastKnownFileType = image.png; path = cell_selected_background.png; sourceTree = "<group>"; };
		09AF2B5616BCFA8B001E15BB /* cell_selected_background@2x.png */ = {isa = PBXFileReference; lastKnownFileType = image.png; path = "cell_selected_background@2x.png"; sourceTree = "<group>"; };
		09AF2B6516BD14E2001E15BB /* white-icon-overlay@2x.png */ = {isa = PBXFileReference; lastKnownFileType = image.png; path = "white-icon-overlay@2x.png"; sourceTree = "<group>"; };
		09AF2B6916BD171B001E15BB /* white-icon-overlay.png */ = {isa = PBXFileReference; lastKnownFileType = image.png; path = "white-icon-overlay.png"; sourceTree = "<group>"; };
		09AF2B6F16BD244C001E15BB /* cellheader_background.png */ = {isa = PBXFileReference; lastKnownFileType = image.png; path = cellheader_background.png; sourceTree = "<group>"; };
		09AF2B7016BD244C001E15BB /* cellheader_background@2x.png */ = {isa = PBXFileReference; lastKnownFileType = image.png; path = "cellheader_background@2x.png"; sourceTree = "<group>"; };
		09AF2B7416BD2863001E15BB /* JASidePanelController.h */ = {isa = PBXFileReference; fileEncoding = 4; lastKnownFileType = sourcecode.c.h; name = JASidePanelController.h; path = vendor/JASidePanels/JASidePanels/Source/JASidePanelController.h; sourceTree = "<group>"; };
		09AF2B7516BD2863001E15BB /* JASidePanelController.m */ = {isa = PBXFileReference; fileEncoding = 4; lastKnownFileType = sourcecode.c.objc; name = JASidePanelController.m; path = vendor/JASidePanels/JASidePanels/Source/JASidePanelController.m; sourceTree = "<group>"; };
		09AF2B7616BD2863001E15BB /* UIViewController+JASidePanel.h */ = {isa = PBXFileReference; fileEncoding = 4; lastKnownFileType = sourcecode.c.h; name = "UIViewController+JASidePanel.h"; path = "vendor/JASidePanels/JASidePanels/Source/UIViewController+JASidePanel.h"; sourceTree = "<group>"; };
		09AF2B7716BD2863001E15BB /* UIViewController+JASidePanel.m */ = {isa = PBXFileReference; fileEncoding = 4; lastKnownFileType = sourcecode.c.objc; name = "UIViewController+JASidePanel.m"; path = "vendor/JASidePanels/JASidePanels/Source/UIViewController+JASidePanel.m"; sourceTree = "<group>"; };
		09B23D2516B30C2E003FFD91 /* memoirs.app */ = {isa = PBXFileReference; explicitFileType = wrapper.application; includeInIndex = 0; path = memoirs.app; sourceTree = BUILT_PRODUCTS_DIR; };
		09B23D2916B30C2E003FFD91 /* UIKit.framework */ = {isa = PBXFileReference; lastKnownFileType = wrapper.framework; name = UIKit.framework; path = System/Library/Frameworks/UIKit.framework; sourceTree = SDKROOT; };
		09B23D2B16B30C2E003FFD91 /* Foundation.framework */ = {isa = PBXFileReference; lastKnownFileType = wrapper.framework; name = Foundation.framework; path = System/Library/Frameworks/Foundation.framework; sourceTree = SDKROOT; };
		09B23D2D16B30C2E003FFD91 /* CoreGraphics.framework */ = {isa = PBXFileReference; lastKnownFileType = wrapper.framework; name = CoreGraphics.framework; path = System/Library/Frameworks/CoreGraphics.framework; sourceTree = SDKROOT; };
		09B23D3116B30C2E003FFD91 /* memoirs-Info.plist */ = {isa = PBXFileReference; lastKnownFileType = text.plist.xml; path = "memoirs-Info.plist"; sourceTree = "<group>"; };
		09B23D3316B30C2E003FFD91 /* en */ = {isa = PBXFileReference; lastKnownFileType = text.plist.strings; name = en; path = en.lproj/InfoPlist.strings; sourceTree = "<group>"; };
		09B23D3516B30C2E003FFD91 /* main.m */ = {isa = PBXFileReference; lastKnownFileType = sourcecode.c.objc; path = main.m; sourceTree = "<group>"; };
		09B23D3716B30C2E003FFD91 /* memoirs-Prefix.pch */ = {isa = PBXFileReference; lastKnownFileType = sourcecode.c.h; path = "memoirs-Prefix.pch"; sourceTree = "<group>"; };
		09B23D3816B30C2E003FFD91 /* AppDelegate.h */ = {isa = PBXFileReference; lastKnownFileType = sourcecode.c.h; path = AppDelegate.h; sourceTree = "<group>"; };
		09B23D3916B30C2E003FFD91 /* AppDelegate.m */ = {isa = PBXFileReference; lastKnownFileType = sourcecode.c.objc; path = AppDelegate.m; sourceTree = "<group>"; };
		09B23D3B16B30C2E003FFD91 /* Default.png */ = {isa = PBXFileReference; lastKnownFileType = image.png; path = Default.png; sourceTree = "<group>"; };
		09B23D3D16B30C2E003FFD91 /* Default@2x.png */ = {isa = PBXFileReference; lastKnownFileType = image.png; path = "Default@2x.png"; sourceTree = "<group>"; };
		09B23D3F16B30C2E003FFD91 /* Default-568h@2x.png */ = {isa = PBXFileReference; lastKnownFileType = image.png; path = "Default-568h@2x.png"; sourceTree = "<group>"; };
		09B23DAE16B338B3003FFD91 /* CoreData.framework */ = {isa = PBXFileReference; lastKnownFileType = wrapper.framework; name = CoreData.framework; path = System/Library/Frameworks/CoreData.framework; sourceTree = SDKROOT; };
		09B23DB016B338CC003FFD91 /* QuartzCore.framework */ = {isa = PBXFileReference; lastKnownFileType = wrapper.framework; name = QuartzCore.framework; path = System/Library/Frameworks/QuartzCore.framework; sourceTree = SDKROOT; };
		09B9D8B216C84D9F000F3D30 /* animated-highlight.png */ = {isa = PBXFileReference; lastKnownFileType = image.png; path = "animated-highlight.png"; sourceTree = "<group>"; };
		09B9D8B316C84D9F000F3D30 /* animated-highlight@2x.png */ = {isa = PBXFileReference; lastKnownFileType = image.png; path = "animated-highlight@2x.png"; sourceTree = "<group>"; };
		09CDD29916CD50BF00CA349D /* GAI.h */ = {isa = PBXFileReference; fileEncoding = 4; lastKnownFileType = sourcecode.c.h; name = GAI.h; path = vendor/GoogleAnalytics/GAI.h; sourceTree = "<group>"; };
		09CDD29A16CD50BF00CA349D /* GAITrackedViewController.h */ = {isa = PBXFileReference; fileEncoding = 4; lastKnownFileType = sourcecode.c.h; name = GAITrackedViewController.h; path = vendor/GoogleAnalytics/GAITrackedViewController.h; sourceTree = "<group>"; };
		09CDD29B16CD50BF00CA349D /* GAITracker.h */ = {isa = PBXFileReference; fileEncoding = 4; lastKnownFileType = sourcecode.c.h; name = GAITracker.h; path = vendor/GoogleAnalytics/GAITracker.h; sourceTree = "<group>"; };
		09CDD29C16CD50BF00CA349D /* GAITransaction.h */ = {isa = PBXFileReference; fileEncoding = 4; lastKnownFileType = sourcecode.c.h; name = GAITransaction.h; path = vendor/GoogleAnalytics/GAITransaction.h; sourceTree = "<group>"; };
		09CDD29D16CD50BF00CA349D /* GAITransactionItem.h */ = {isa = PBXFileReference; fileEncoding = 4; lastKnownFileType = sourcecode.c.h; name = GAITransactionItem.h; path = vendor/GoogleAnalytics/GAITransactionItem.h; sourceTree = "<group>"; };
		09CDD29E16CD50BF00CA349D /* libGoogleAnalytics_debug.a */ = {isa = PBXFileReference; lastKnownFileType = archive.ar; name = libGoogleAnalytics_debug.a; path = vendor/GoogleAnalytics/libGoogleAnalytics_debug.a; sourceTree = "<group>"; };
		09CDD29F16CD50BF00CA349D /* libGoogleAnalytics.a */ = {isa = PBXFileReference; lastKnownFileType = archive.ar; name = libGoogleAnalytics.a; path = vendor/GoogleAnalytics/libGoogleAnalytics.a; sourceTree = "<group>"; };
		09CDD2A216CD50FA00CA349D /* SystemConfiguration.framework */ = {isa = PBXFileReference; lastKnownFileType = wrapper.framework; name = SystemConfiguration.framework; path = System/Library/Frameworks/SystemConfiguration.framework; sourceTree = SDKROOT; };
		09D157EA16C57263001D9931 /* EventSelectorController_iPhone.h */ = {isa = PBXFileReference; fileEncoding = 4; lastKnownFileType = sourcecode.c.h; path = EventSelectorController_iPhone.h; sourceTree = "<group>"; };
		09D157EB16C57263001D9931 /* EventSelectorController_iPhone.m */ = {isa = PBXFileReference; fileEncoding = 4; lastKnownFileType = sourcecode.c.objc; path = EventSelectorController_iPhone.m; sourceTree = "<group>"; };
		09D157EC16C57263001D9931 /* EventSelectorController_iPhone.xib */ = {isa = PBXFileReference; fileEncoding = 4; lastKnownFileType = file.xib; path = EventSelectorController_iPhone.xib; sourceTree = "<group>"; };
		09D157FC16C57B57001D9931 /* EventListTableModel.h */ = {isa = PBXFileReference; fileEncoding = 4; lastKnownFileType = sourcecode.c.h; path = EventListTableModel.h; sourceTree = "<group>"; };
		09D157FE16C57DE7001D9931 /* MonthlyEventListTableModel.h */ = {isa = PBXFileReference; fileEncoding = 4; lastKnownFileType = sourcecode.c.h; path = MonthlyEventListTableModel.h; sourceTree = "<group>"; };
		09D157FF16C57DE7001D9931 /* MonthlyEventListTableModel.m */ = {isa = PBXFileReference; fileEncoding = 4; lastKnownFileType = sourcecode.c.objc; path = MonthlyEventListTableModel.m; sourceTree = "<group>"; };
/* End PBXFileReference section */

/* Begin PBXFrameworksBuildPhase section */
		09B23D2216B30C2E003FFD91 /* Frameworks */ = {
			isa = PBXFrameworksBuildPhase;
			buildActionMask = 2147483647;
			files = (
				09CDD2A316CD50FA00CA349D /* SystemConfiguration.framework in Frameworks */,
				09B23DB116B338CC003FFD91 /* QuartzCore.framework in Frameworks */,
				09B23DAF16B338B3003FFD91 /* CoreData.framework in Frameworks */,
				09B23D2A16B30C2E003FFD91 /* UIKit.framework in Frameworks */,
				09B23D2C16B30C2E003FFD91 /* Foundation.framework in Frameworks */,
				09B23D2E16B30C2E003FFD91 /* CoreGraphics.framework in Frameworks */,
				09CDD2A116CD50BF00CA349D /* libGoogleAnalytics.a in Frameworks */,
			);
			runOnlyForDeploymentPostprocessing = 0;
		};
/* End PBXFrameworksBuildPhase section */

/* Begin PBXGroup section */
		09130E7916BE9B7B004A289C /* WCAlertView */ = {
			isa = PBXGroup;
			children = (
				09130E7A16BE9B85004A289C /* WCAlertView.h */,
				09130E7B16BE9B85004A289C /* WCAlertView.m */,
			);
			name = WCAlertView;
			sourceTree = "<group>";
		};
		0962D87916B8877100C6269A /* Resources */ = {
			isa = PBXGroup;
			children = (
				0998C52516CAA1530075DBB7 /* app-icon.png */,
				0998C52716CAA15A0075DBB7 /* app-icon@2x.png */,
				0998C52916CAA16D0075DBB7 /* app-icon-72.png */,
				0998C52B16CAA1710075DBB7 /* app-icon-72@2x.png */,
				0965532616CBFD2E0050597D /* adhoc-app-icon-72.png */,
				0965532716CBFD2E0050597D /* adhoc-app-icon-72@2x.png */,
				0965532816CBFD2E0050597D /* adhoc-app-icon.png */,
				0965532916CBFD2E0050597D /* adhoc-app-icon@2x.png */,
				0965532E16CBFD3A0050597D /* dev-app-icon-72.png */,
				0965532F16CBFD3A0050597D /* dev-app-icon-72@2x.png */,
				0965533016CBFD3A0050597D /* dev-app-icon.png */,
				0965533116CBFD3A0050597D /* dev-app-icon@2x.png */,
				09AF2AA216BC2C06001E15BB /* values.lst */,
				0962D87A16B887E200C6269A /* menu-icon.png */,
				0962D87B16B887E200C6269A /* menu-icon@2x.png */,
				0962D8A016B88BA400C6269A /* grey-icon-overlay.png */,
				0962D8A116B88BA400C6269A /* grey-icon-overlay@2x.png */,
				09AF2B6916BD171B001E15BB /* white-icon-overlay.png */,
				09AF2B6516BD14E2001E15BB /* white-icon-overlay@2x.png */,
				09AF2AF116BC6C73001E15BB /* bg.jpg */,
				09AF2AF216BC6C73001E15BB /* bg@2x.jpg */,
				09AF2AD116BC4701001E15BB /* header_bkd_dark.png */,
				09AF2AD216BC4701001E15BB /* header_bkd_dark@2x.png */,
				09AF2AD516BC4A09001E15BB /* header_bkd.png */,
				09AF2AD616BC4A09001E15BB /* header_bkd@2x.png */,
				09AF2AD916BC4A99001E15BB /* header_button_bkd_dark_tap.png */,
				09AF2ADA16BC4A99001E15BB /* header_button_bkd_dark_tap@2x.png */,
				09AF2ADB16BC4A99001E15BB /* header_button_bkd_dark.png */,
				09AF2ADC16BC4A99001E15BB /* header_button_bkd_dark@2x.png */,
				09AF2ADD16BC4A99001E15BB /* header_button_bkd_tap.png */,
				09AF2ADE16BC4A99001E15BB /* header_button_bkd_tap@2x.png */,
				09AF2ADF16BC4A99001E15BB /* header_button_bkd.png */,
				09AF2AE016BC4A99001E15BB /* header_button_bkd@2x.png */,
				09AF2AE916BC5175001E15BB /* header_back_btn_tap.png */,
				09AF2AEA16BC5175001E15BB /* header_back_btn_tap@2x.png */,
				09AF2AEB16BC5175001E15BB /* header_back_btn.png */,
				09AF2AEC16BC5175001E15BB /* header_back_btn@2x.png */,
				09AF2AF516BC769A001E15BB /* edit_background.png */,
				09AF2AF616BC769A001E15BB /* edit_background@2x.png */,
				09AF2B0116BC7B03001E15BB /* btn.png */,
				09AF2B0216BC7B03001E15BB /* btn_active.png */,
				09AF2B0316BC7B03001E15BB /* btn_active@2x.png */,
				09AF2B0416BC7B03001E15BB /* btn@2x.png */,
				09AF2B0C16BC8240001E15BB /* grey-chevron.png */,
				09AF2B0D16BC8240001E15BB /* grey-chevron@2x.png */,
				09AF2B5116BCF6CF001E15BB /* cell_background.png */,
				09AF2B5216BCF6CF001E15BB /* cell_background@2x.png */,
				09AF2B5516BCFA8B001E15BB /* cell_selected_background.png */,
				09AF2B5616BCFA8B001E15BB /* cell_selected_background@2x.png */,
				09AF2B6F16BD244C001E15BB /* cellheader_background.png */,
				09AF2B7016BD244C001E15BB /* cellheader_background@2x.png */,
				09B9D8B216C84D9F000F3D30 /* animated-highlight.png */,
				09B9D8B316C84D9F000F3D30 /* animated-highlight@2x.png */,
			);
			path = Resources;
			sourceTree = "<group>";
		};
		09A8ACA816B3CB96005E336D /* TPKeyboardAvoiding */ = {
			isa = PBXGroup;
			children = (
				09A8ACA916B3CBA5005E336D /* TPKeyboardAvoidingScrollView.h */,
				09A8ACAA16B3CBA5005E336D /* TPKeyboardAvoidingScrollView.m */,
				09A8ACAB16B3CBA5005E336D /* TPKeyboardAvoidingTableView.h */,
				09A8ACAC16B3CBA5005E336D /* TPKeyboardAvoidingTableView.m */,
			);
			name = TPKeyboardAvoiding;
			sourceTree = "<group>";
		};
		09A8ACCE16B43B62005E336D /* Helpers */ = {
			isa = PBXGroup;
			children = (
				09A8ACD816B43BE6005E336D /* NSManagedObject+Helpers.h */,
				09A8ACD916B43BE6005E336D /* NSManagedObject+Helpers.m */,
				09A8ACDA16B43BE6005E336D /* NSManagedObjectContext+Helpers.h */,
				09A8ACDB16B43BE6005E336D /* NSManagedObjectContext+Helpers.m */,
				09A8ACDC16B43BE6005E336D /* NSManagedObjectModel+Helpers.h */,
				09A8ACDD16B43BE6005E336D /* NSManagedObjectModel+Helpers.m */,
				09A8ACE316B43DDC005E336D /* NSURL+Helpers.h */,
				09A8ACE416B43DDC005E336D /* NSURL+Helpers.m */,
				09A8ACE616B442AE005E336D /* UITableViewCell+NIB.h */,
				09A8ACE716B442AF005E336D /* UITableViewCell+NIB.m */,
				09AF2B0916BC7DB4001E15BB /* UIColor+Helpers.h */,
				09AF2B0A16BC7DB4001E15BB /* UIColor+Helpers.m */,
				09AF2B4216BCECFE001E15BB /* UIImage+Resize.h */,
				09AF2B4316BCECFE001E15BB /* UIImage+Resize.m */,
				0903EFAA16BD5EA500547357 /* UIBorderLabel.h */,
				0903EFAB16BD5EA500547357 /* UIBorderLabel.m */,
			);
			path = Helpers;
			sourceTree = "<group>";
		};
		09A8AD5116B50956005E336D /* Events */ = {
			isa = PBXGroup;
			children = (
				09A8AD6416B50A04005E336D /* EventListController_iPhone.h */,
				09A8AD6516B50A04005E336D /* EventListController_iPhone.m */,
				09A8AD6616B50A04005E336D /* EventListController_iPhone.xib */,
				09A8AD9016B5765D005E336D /* EventListTableView.h */,
				09A8AD9116B5765D005E336D /* EventListTableView.m */,
				09A8AD6116B50A04005E336D /* EventListCell_iPhone.h */,
				09A8AD6216B50A04005E336D /* EventListCell_iPhone.m */,
				09A8AD6316B50A04005E336D /* EventListCell_iPhone.xib */,
				09A8AD5E16B50A04005E336D /* EventEditorController_iPhone.h */,
				09A8AD5F16B50A04005E336D /* EventEditorController_iPhone.m */,
				09A8AD6016B50A04005E336D /* EventEditorController_iPhone.xib */,
				09D157EA16C57263001D9931 /* EventSelectorController_iPhone.h */,
				09D157EB16C57263001D9931 /* EventSelectorController_iPhone.m */,
				09D157EC16C57263001D9931 /* EventSelectorController_iPhone.xib */,
				09A8AD6716B50A04005E336D /* EventListMenuController_iPhone.h */,
				09A8AD6816B50A04005E336D /* EventListMenuController_iPhone.m */,
				09A8AD6916B50A04005E336D /* EventListMenuController_iPhone.xib */,
				0903EFA516BD5B0E00547357 /* EventListMenuCell_iPhone.h */,
				0903EFA616BD5B0E00547357 /* EventListMenuCell_iPhone.m */,
				0903EFA816BD5B4D00547357 /* EventListMenuCell_iPhone.xib */,
				097FD79C16C6CC9400F092D2 /* EventListHandler.h */,
				097FD79E16C6CD9400F092D2 /* WeeklyEventListHandler.h */,
				097FD79F16C6CD9400F092D2 /* WeeklyEventListHandler.m */,
				097FD7A116C6DADB00F092D2 /* MonthlyEventListHandler.h */,
				097FD7A216C6DADB00F092D2 /* MonthlyEventListHandler.m */,
				097FD7A416C6DD2D00F092D2 /* YearlyEventListHandler.h */,
				097FD7A516C6DD2D00F092D2 /* YearlyEventListHandler.m */,
			);
			path = Events;
			sourceTree = "<group>";
		};
		09A8AD5216B50961005E336D /* Values */ = {
			isa = PBXGroup;
			children = (
				09A8AD5716B509F6005E336D /* ValueListController_iPhone.h */,
				09A8AD5816B509F6005E336D /* ValueListController_iPhone.m */,
				09A8AD5916B509F6005E336D /* ValueListController_iPhone.xib */,
				09AF2A8E16BB17A2001E15BB /* ValueListCell_iPhone.h */,
				09AF2A8F16BB17A2001E15BB /* ValueListCell_iPhone.m */,
				09AF2A9116BB17D8001E15BB /* ValueListCell_iPhone.xib */,
				09A8AD5416B509F6005E336D /* ValueEditorController_iPhone.h */,
				09A8AD5516B509F6005E336D /* ValueEditorController_iPhone.m */,
				09A8AD5616B509F6005E336D /* ValueEditorController_iPhone.xib */,
				091A00FD16CCA42B00FC8334 /* ImportantValueListController_iPhone.h */,
				091A00FE16CCA42B00FC8334 /* ImportantValueListController_iPhone.m */,
				091A00FF16CCA42B00FC8334 /* ImportantValueListController_iPhone.xib */,
			);
			path = Values;
			sourceTree = "<group>";
		};
		09A8AD5316B509DF005E336D /* Settings */ = {
			isa = PBXGroup;
			children = (
				09A8AD7716B50A38005E336D /* SettingsController_iPhone.h */,
				09A8AD7816B50A38005E336D /* SettingsController_iPhone.m */,
				09A8AD7916B50A38005E336D /* SettingsController_iPhone.xib */,
			);
			path = Settings;
			sourceTree = "<group>";
		};
		09A8ADA716B702F9005E336D /* DAL */ = {
			isa = PBXGroup;
			children = (
				09B23D4F16B315E5003FFD91 /* Models */,
				09A8ADB116B706D8005E336D /* AppModel.h */,
				09A8ADB216B706D8005E336D /* AppModel.m */,
				09AF2AA416BC2C58001E15BB /* ValuesLoader.h */,
				09AF2AA516BC2C58001E15BB /* ValuesLoader.m */,
				0922F5C416C7CB860092A6C6 /* EventLoader.h */,
				0922F5C516C7CB860092A6C6 /* EventLoader.m */,
			);
			path = DAL;
			sourceTree = "<group>";
		};
		09AE2E2416C18CDC001CB595 /* Underscore */ = {
			isa = PBXGroup;
			children = (
				09AE2E2516C18CF1001CB595 /* Underscore.h */,
				09AE2E2616C18CF1001CB595 /* Underscore.m */,
				09AE2E2716C18CF1001CB595 /* Underscore+Functional.h */,
				09AE2E2816C18CF1001CB595 /* Underscore+Functional.m */,
				09AE2E2916C18CF1001CB595 /* USArrayWrapper.h */,
				09AE2E2A16C18CF1001CB595 /* USArrayWrapper.m */,
				09AE2E2B16C18CF1001CB595 /* USConstants.h */,
				09AE2E2C16C18CF1001CB595 /* USDictionaryWrapper.h */,
				09AE2E2D16C18CF1001CB595 /* USDictionaryWrapper.m */,
			);
			name = Underscore;
			sourceTree = "<group>";
		};
		09AE2E3216C18CFF001CB595 /* MTDates */ = {
			isa = PBXGroup;
			children = (
				09AE2E3316C18D09001CB595 /* NSDate+MTDates.h */,
				09AE2E3416C18D09001CB595 /* NSDate+MTDates.m */,
				09AE2E3516C18D09001CB595 /* NSDateComponents+MTDates.h */,
				09AE2E3616C18D09001CB595 /* NSDateComponents+MTDates.m */,
			);
			name = MTDates;
			sourceTree = "<group>";
		};
		09AF2B7316BD2850001E15BB /* JASidePanels */ = {
			isa = PBXGroup;
			children = (
				09AF2B7416BD2863001E15BB /* JASidePanelController.h */,
				09AF2B7516BD2863001E15BB /* JASidePanelController.m */,
				09AF2B7616BD2863001E15BB /* UIViewController+JASidePanel.h */,
				09AF2B7716BD2863001E15BB /* UIViewController+JASidePanel.m */,
			);
			name = JASidePanels;
			sourceTree = "<group>";
		};
		09B23D1A16B30C2E003FFD91 = {
			isa = PBXGroup;
			children = (
				09B23D2F16B30C2E003FFD91 /* memoirs */,
				09B23D2816B30C2E003FFD91 /* Frameworks */,
				09B23D2616B30C2E003FFD91 /* Products */,
			);
			sourceTree = "<group>";
		};
		09B23D2616B30C2E003FFD91 /* Products */ = {
			isa = PBXGroup;
			children = (
				09B23D2516B30C2E003FFD91 /* memoirs.app */,
			);
			name = Products;
			sourceTree = "<group>";
		};
		09B23D2816B30C2E003FFD91 /* Frameworks */ = {
			isa = PBXGroup;
			children = (
				09CDD29716CD50B000CA349D /* GoogleAnalytics */,
				09AE2E3216C18CFF001CB595 /* MTDates */,
				09AE2E2416C18CDC001CB595 /* Underscore */,
				09130E7916BE9B7B004A289C /* WCAlertView */,
				09AF2B7316BD2850001E15BB /* JASidePanels */,
				09A8ACA816B3CB96005E336D /* TPKeyboardAvoiding */,
				09B23D2916B30C2E003FFD91 /* UIKit.framework */,
				09B23D2B16B30C2E003FFD91 /* Foundation.framework */,
				09B23D2D16B30C2E003FFD91 /* CoreGraphics.framework */,
				09B23DB016B338CC003FFD91 /* QuartzCore.framework */,
				09B23DAE16B338B3003FFD91 /* CoreData.framework */,
				09CDD2A216CD50FA00CA349D /* SystemConfiguration.framework */,
			);
			name = Frameworks;
			sourceTree = "<group>";
		};
		09B23D2F16B30C2E003FFD91 /* memoirs */ = {
			isa = PBXGroup;
			children = (
				09B23DB216B339E2003FFD91 /* Logic */,
				09B23D5416B3207D003FFD91 /* iPad */,
				09B23D5316B32067003FFD91 /* iPhone */,
				09A8ADA716B702F9005E336D /* DAL */,
				09A8ACCE16B43B62005E336D /* Helpers */,
				09B23D3816B30C2E003FFD91 /* AppDelegate.h */,
				09B23D3916B30C2E003FFD91 /* AppDelegate.m */,
				0962D87916B8877100C6269A /* Resources */,
				09B23D3016B30C2E003FFD91 /* Supporting Files */,
			);
			path = memoirs;
			sourceTree = "<group>";
		};
		09B23D3016B30C2E003FFD91 /* Supporting Files */ = {
			isa = PBXGroup;
			children = (
				09B23D3116B30C2E003FFD91 /* memoirs-Info.plist */,
				09B23D3216B30C2E003FFD91 /* InfoPlist.strings */,
				09B23D3516B30C2E003FFD91 /* main.m */,
				09B23D3716B30C2E003FFD91 /* memoirs-Prefix.pch */,
				09B23D3B16B30C2E003FFD91 /* Default.png */,
				09B23D3D16B30C2E003FFD91 /* Default@2x.png */,
				09B23D3F16B30C2E003FFD91 /* Default-568h@2x.png */,
			);
			name = "Supporting Files";
			sourceTree = "<group>";
		};
		09B23D4F16B315E5003FFD91 /* Models */ = {
			isa = PBXGroup;
			children = (
				09A8ADAA16B703A0005E336D /* Model.xcdatamodeld */,
				09AF2A8816B998A7001E15BB /* Event.h */,
				09AF2A8916B998A7001E15BB /* Event.m */,
				09AF2A8B16B998C8001E15BB /* Value.h */,
				09AF2A8C16B998C8001E15BB /* Value.m */,
			);
			path = Models;
			sourceTree = "<group>";
		};
		09B23D5316B32067003FFD91 /* iPhone */ = {
			isa = PBXGroup;
			children = (
				09A8AD5116B50956005E336D /* Events */,
				09A8AD5216B50961005E336D /* Values */,
				09A8AD5316B509DF005E336D /* Settings */,
				09A8AD2E16B5082F005E336D /* MainController_iPhone.h */,
				09A8AD2F16B5082F005E336D /* MainController_iPhone.m */,
			);
			path = iPhone;
			sourceTree = "<group>";
		};
		09B23D5416B3207D003FFD91 /* iPad */ = {
			isa = PBXGroup;
			children = (
			);
			path = iPad;
			sourceTree = "<group>";
		};
		09B23DB216B339E2003FFD91 /* Logic */ = {
			isa = PBXGroup;
			children = (
				09D157FC16C57B57001D9931 /* EventListTableModel.h */,
				09A8ACF616B507DF005E336D /* WeeklyEventListTableModel.h */,
				09A8ACF516B507DF005E336D /* WeeklyEventListTableModel.m */,
				09D157FE16C57DE7001D9931 /* MonthlyEventListTableModel.h */,
				09D157FF16C57DE7001D9931 /* MonthlyEventListTableModel.m */,
				099CC38516C649F200A028C1 /* YearlyEventListTableModel.h */,
				099CC38616C649F200A028C1 /* YearlyEventListTableModel.m */,
				09A8ACF316B507DF005E336D /* EventListTableModelDecoratorForUITableView.h */,
				09A8ACF416B507DF005E336D /* EventListTableModelDecoratorForUITableView.m */,
				09A8ACF716B507DF005E336D /* EventListGroup.h */,
				09A8ACF816B507DF005E336D /* EventListGroup.m */,
				09A8ADE616B85C63005E336D /* EventListItem.h */,
				09A8ADE716B85C63005E336D /* EventListItem.m */,
				0925633916CAB02700E64FC0 /* NotificationManager.h */,
				0925633A16CAB02700E64FC0 /* NotificationManager.m */,
			);
			path = Logic;
			sourceTree = "<group>";
		};
		09CDD29716CD50B000CA349D /* GoogleAnalytics */ = {
			isa = PBXGroup;
			children = (
				09CDD29916CD50BF00CA349D /* GAI.h */,
				09CDD29A16CD50BF00CA349D /* GAITrackedViewController.h */,
				09CDD29B16CD50BF00CA349D /* GAITracker.h */,
				09CDD29C16CD50BF00CA349D /* GAITransaction.h */,
				09CDD29D16CD50BF00CA349D /* GAITransactionItem.h */,
				09CDD29E16CD50BF00CA349D /* libGoogleAnalytics_debug.a */,
				09CDD29F16CD50BF00CA349D /* libGoogleAnalytics.a */,
			);
			name = GoogleAnalytics;
			sourceTree = "<group>";
		};
/* End PBXGroup section */

/* Begin PBXNativeTarget section */
		09B23D2416B30C2E003FFD91 /* memoirs */ = {
			isa = PBXNativeTarget;
			buildConfigurationList = 09B23D4C16B30C2E003FFD91 /* Build configuration list for PBXNativeTarget "memoirs" */;
			buildPhases = (
				09B23D2116B30C2E003FFD91 /* Sources */,
				09B23D2216B30C2E003FFD91 /* Frameworks */,
				09B23D2316B30C2E003FFD91 /* Resources */,
			);
			buildRules = (
			);
			dependencies = (
			);
			name = memoirs;
			productName = memoirs;
			productReference = 09B23D2516B30C2E003FFD91 /* memoirs.app */;
			productType = "com.apple.product-type.application";
		};
/* End PBXNativeTarget section */

/* Begin PBXProject section */
		09B23D1C16B30C2E003FFD91 /* Project object */ = {
			isa = PBXProject;
			attributes = {
				LastUpgradeCheck = 0450;
				ORGANIZATIONNAME = protonail.com;
			};
			buildConfigurationList = 09B23D1F16B30C2E003FFD91 /* Build configuration list for PBXProject "memoirs" */;
			compatibilityVersion = "Xcode 3.2";
			developmentRegion = English;
			hasScannedForEncodings = 0;
			knownRegions = (
				en,
				ru,
			);
			mainGroup = 09B23D1A16B30C2E003FFD91;
			productRefGroup = 09B23D2616B30C2E003FFD91 /* Products */;
			projectDirPath = "";
			projectRoot = "";
			targets = (
				09B23D2416B30C2E003FFD91 /* memoirs */,
			);
		};
/* End PBXProject section */

/* Begin PBXResourcesBuildPhase section */
		09B23D2316B30C2E003FFD91 /* Resources */ = {
			isa = PBXResourcesBuildPhase;
			buildActionMask = 2147483647;
			files = (
				09B23D3416B30C2E003FFD91 /* InfoPlist.strings in Resources */,
				09B23D3C16B30C2E003FFD91 /* Default.png in Resources */,
				09B23D3E16B30C2E003FFD91 /* Default@2x.png in Resources */,
				09B23D4016B30C2E003FFD91 /* Default-568h@2x.png in Resources */,
				09A8AD5B16B509F6005E336D /* ValueEditorController_iPhone.xib in Resources */,
				09A8AD5D16B509F6005E336D /* ValueListController_iPhone.xib in Resources */,
				09A8AD6B16B50A04005E336D /* EventEditorController_iPhone.xib in Resources */,
				09A8AD6D16B50A04005E336D /* EventListCell_iPhone.xib in Resources */,
				09A8AD6F16B50A04005E336D /* EventListController_iPhone.xib in Resources */,
				09A8AD7116B50A04005E336D /* EventListMenuController_iPhone.xib in Resources */,
				09A8AD7B16B50A38005E336D /* SettingsController_iPhone.xib in Resources */,
				0962D87C16B887E200C6269A /* menu-icon.png in Resources */,
				0962D87D16B887E200C6269A /* menu-icon@2x.png in Resources */,
				0962D8A216B88BA400C6269A /* grey-icon-overlay.png in Resources */,
				0962D8A316B88BA400C6269A /* grey-icon-overlay@2x.png in Resources */,
				09AF2A9216BB17D8001E15BB /* ValueListCell_iPhone.xib in Resources */,
				09AF2AA316BC2C06001E15BB /* values.lst in Resources */,
				09AF2AD316BC4701001E15BB /* header_bkd_dark.png in Resources */,
				09AF2AD416BC4701001E15BB /* header_bkd_dark@2x.png in Resources */,
				09AF2AD716BC4A09001E15BB /* header_bkd.png in Resources */,
				09AF2AD816BC4A09001E15BB /* header_bkd@2x.png in Resources */,
				09AF2AE116BC4A99001E15BB /* header_button_bkd_dark_tap.png in Resources */,
				09AF2AE216BC4A99001E15BB /* header_button_bkd_dark_tap@2x.png in Resources */,
				09AF2AE316BC4A99001E15BB /* header_button_bkd_dark.png in Resources */,
				09AF2AE416BC4A99001E15BB /* header_button_bkd_dark@2x.png in Resources */,
				09AF2AE516BC4A99001E15BB /* header_button_bkd_tap.png in Resources */,
				09AF2AE616BC4A99001E15BB /* header_button_bkd_tap@2x.png in Resources */,
				09AF2AE716BC4A99001E15BB /* header_button_bkd.png in Resources */,
				09AF2AE816BC4A99001E15BB /* header_button_bkd@2x.png in Resources */,
				09AF2AED16BC5175001E15BB /* header_back_btn_tap.png in Resources */,
				09AF2AEE16BC5175001E15BB /* header_back_btn_tap@2x.png in Resources */,
				09AF2AEF16BC5175001E15BB /* header_back_btn.png in Resources */,
				09AF2AF016BC5175001E15BB /* header_back_btn@2x.png in Resources */,
				09AF2AF316BC6C73001E15BB /* bg.jpg in Resources */,
				09AF2AF416BC6C73001E15BB /* bg@2x.jpg in Resources */,
				09AF2AF716BC769A001E15BB /* edit_background.png in Resources */,
				09AF2AF816BC769A001E15BB /* edit_background@2x.png in Resources */,
				09AF2B0516BC7B03001E15BB /* btn.png in Resources */,
				09AF2B0616BC7B03001E15BB /* btn_active.png in Resources */,
				09AF2B0716BC7B03001E15BB /* btn_active@2x.png in Resources */,
				09AF2B0816BC7B03001E15BB /* btn@2x.png in Resources */,
				09AF2B0E16BC8240001E15BB /* grey-chevron.png in Resources */,
				09AF2B0F16BC8240001E15BB /* grey-chevron@2x.png in Resources */,
				09AF2B5316BCF6CF001E15BB /* cell_background.png in Resources */,
				09AF2B5416BCF6CF001E15BB /* cell_background@2x.png in Resources */,
				09AF2B5716BCFA8B001E15BB /* cell_selected_background.png in Resources */,
				09AF2B5816BCFA8B001E15BB /* cell_selected_background@2x.png in Resources */,
				09AF2B6616BD14E2001E15BB /* white-icon-overlay@2x.png in Resources */,
				09AF2B6A16BD171B001E15BB /* white-icon-overlay.png in Resources */,
				09AF2B7116BD244D001E15BB /* cellheader_background.png in Resources */,
				09AF2B7216BD244D001E15BB /* cellheader_background@2x.png in Resources */,
				0903EFA916BD5B4D00547357 /* EventListMenuCell_iPhone.xib in Resources */,
				09D157EE16C57263001D9931 /* EventSelectorController_iPhone.xib in Resources */,
				09B9D8B416C84D9F000F3D30 /* animated-highlight.png in Resources */,
				09B9D8B516C84D9F000F3D30 /* animated-highlight@2x.png in Resources */,
				0998C52616CAA1530075DBB7 /* app-icon.png in Resources */,
				0998C52816CAA15A0075DBB7 /* app-icon@2x.png in Resources */,
				0998C52A16CAA16D0075DBB7 /* app-icon-72.png in Resources */,
				0998C52C16CAA1710075DBB7 /* app-icon-72@2x.png in Resources */,
				0965532A16CBFD2E0050597D /* adhoc-app-icon-72.png in Resources */,
				0965532B16CBFD2E0050597D /* adhoc-app-icon-72@2x.png in Resources */,
				0965532C16CBFD2E0050597D /* adhoc-app-icon.png in Resources */,
				0965532D16CBFD2E0050597D /* adhoc-app-icon@2x.png in Resources */,
				0965533216CBFD3A0050597D /* dev-app-icon-72.png in Resources */,
				0965533316CBFD3A0050597D /* dev-app-icon-72@2x.png in Resources */,
				0965533416CBFD3A0050597D /* dev-app-icon.png in Resources */,
				0965533516CBFD3A0050597D /* dev-app-icon@2x.png in Resources */,
				091A010116CCA42B00FC8334 /* ImportantValueListController_iPhone.xib in Resources */,
			);
			runOnlyForDeploymentPostprocessing = 0;
		};
/* End PBXResourcesBuildPhase section */

/* Begin PBXSourcesBuildPhase section */
		09B23D2116B30C2E003FFD91 /* Sources */ = {
			isa = PBXSourcesBuildPhase;
			buildActionMask = 2147483647;
			files = (
				09B23D3616B30C2E003FFD91 /* main.m in Sources */,
				09B23D3A16B30C2E003FFD91 /* AppDelegate.m in Sources */,
				09A8ACAD16B3CBA5005E336D /* TPKeyboardAvoidingScrollView.m in Sources */,
				09A8ACAE16B3CBA5005E336D /* TPKeyboardAvoidingTableView.m in Sources */,
				09A8ACDE16B43BE6005E336D /* NSManagedObject+Helpers.m in Sources */,
				09A8ACDF16B43BE6005E336D /* NSManagedObjectContext+Helpers.m in Sources */,
				09A8ACE016B43BE6005E336D /* NSManagedObjectModel+Helpers.m in Sources */,
				09A8ACE516B43DDC005E336D /* NSURL+Helpers.m in Sources */,
				09A8ACE816B442AF005E336D /* UITableViewCell+NIB.m in Sources */,
				09A8ACF916B507DF005E336D /* EventListTableModelDecoratorForUITableView.m in Sources */,
				09A8ACFA16B507DF005E336D /* WeeklyEventListTableModel.m in Sources */,
				09A8ACFB16B507DF005E336D /* EventListGroup.m in Sources */,
				09A8AD4116B5082F005E336D /* MainController_iPhone.m in Sources */,
				09A8AD5A16B509F6005E336D /* ValueEditorController_iPhone.m in Sources */,
				09A8AD5C16B509F6005E336D /* ValueListController_iPhone.m in Sources */,
				09A8AD6A16B50A04005E336D /* EventEditorController_iPhone.m in Sources */,
				09A8AD6C16B50A04005E336D /* EventListCell_iPhone.m in Sources */,
				09A8AD6E16B50A04005E336D /* EventListController_iPhone.m in Sources */,
				09A8AD7016B50A04005E336D /* EventListMenuController_iPhone.m in Sources */,
				09A8AD7A16B50A38005E336D /* SettingsController_iPhone.m in Sources */,
				09A8AD9216B5765D005E336D /* EventListTableView.m in Sources */,
				09A8ADAF16B703A0005E336D /* Model.xcdatamodeld in Sources */,
				09A8ADB316B706D8005E336D /* AppModel.m in Sources */,
				09A8ADE816B85C63005E336D /* EventListItem.m in Sources */,
				09AF2A8A16B998A7001E15BB /* Event.m in Sources */,
				09AF2A8D16B998C8001E15BB /* Value.m in Sources */,
				09AF2A9016BB17A2001E15BB /* ValueListCell_iPhone.m in Sources */,
				09AF2AA616BC2C58001E15BB /* ValuesLoader.m in Sources */,
				09AF2B0B16BC7DB4001E15BB /* UIColor+Helpers.m in Sources */,
				09AF2B4416BCECFE001E15BB /* UIImage+Resize.m in Sources */,
				09AF2B7816BD2863001E15BB /* JASidePanelController.m in Sources */,
				09AF2B7916BD2863001E15BB /* UIViewController+JASidePanel.m in Sources */,
				0903EFA716BD5B0E00547357 /* EventListMenuCell_iPhone.m in Sources */,
				0903EFAC16BD5EA500547357 /* UIBorderLabel.m in Sources */,
				09130E7C16BE9B85004A289C /* WCAlertView.m in Sources */,
				09AE2E2E16C18CF1001CB595 /* Underscore.m in Sources */,
				09AE2E2F16C18CF1001CB595 /* Underscore+Functional.m in Sources */,
				09AE2E3016C18CF1001CB595 /* USArrayWrapper.m in Sources */,
				09AE2E3116C18CF1001CB595 /* USDictionaryWrapper.m in Sources */,
				09AE2E3716C18D09001CB595 /* NSDate+MTDates.m in Sources */,
				09AE2E3816C18D09001CB595 /* NSDateComponents+MTDates.m in Sources */,
				09D157ED16C57263001D9931 /* EventSelectorController_iPhone.m in Sources */,
				09D1580016C57DE7001D9931 /* MonthlyEventListTableModel.m in Sources */,
				099CC38716C649F200A028C1 /* YearlyEventListTableModel.m in Sources */,
				097FD7A016C6CD9400F092D2 /* WeeklyEventListHandler.m in Sources */,
				097FD7A316C6DADB00F092D2 /* MonthlyEventListHandler.m in Sources */,
				097FD7A616C6DD2D00F092D2 /* YearlyEventListHandler.m in Sources */,
				0922F5C616C7CB860092A6C6 /* EventLoader.m in Sources */,
				0925633B16CAB02700E64FC0 /* NotificationManager.m in Sources */,
				091A010016CCA42B00FC8334 /* ImportantValueListController_iPhone.m in Sources */,
			);
			runOnlyForDeploymentPostprocessing = 0;
		};
/* End PBXSourcesBuildPhase section */

/* Begin PBXVariantGroup section */
		09B23D3216B30C2E003FFD91 /* InfoPlist.strings */ = {
			isa = PBXVariantGroup;
			children = (
				09B23D3316B30C2E003FFD91 /* en */,
				093C1AB716C99D8300E76C0C /* ru */,
			);
			name = InfoPlist.strings;
			sourceTree = "<group>";
		};
/* End PBXVariantGroup section */

/* Begin XCBuildConfiguration section */
		09A0417916C9992600E95381 /* AdHoc */ = {
			isa = XCBuildConfiguration;
			buildSettings = {
				ALWAYS_SEARCH_USER_PATHS = NO;
				BUNDLE_ID_SUFFIX = "memoirs-adhoc";
				CLANG_CXX_LANGUAGE_STANDARD = "gnu++0x";
				CLANG_CXX_LIBRARY = "libc++";
				CLANG_ENABLE_OBJC_ARC = YES;
				CLANG_WARN_EMPTY_BODY = YES;
				CLANG_WARN__DUPLICATE_METHOD_MATCH = YES;
				CODE_SIGN_IDENTITY = "iPhone Distribution";
				COPY_PHASE_STRIP = YES;
				GCC_C_LANGUAGE_STANDARD = gnu99;
				GCC_WARN_ABOUT_RETURN_TYPE = YES;
				GCC_WARN_UNINITIALIZED_AUTOS = YES;
				GCC_WARN_UNUSED_VARIABLE = YES;
				ICON_PREFIX = "adhoc-";
				IPHONEOS_DEPLOYMENT_TARGET = 5.0;
				OTHER_CFLAGS = "-DNS_BLOCK_ASSERTIONS=1";
				OTHER_LDFLAGS = "-all_load";
				PROVISIONING_PROFILE = "";
				SDKROOT = iphoneos;
				TARGETED_DEVICE_FAMILY = "1,2";
				VALIDATE_PRODUCT = YES;
			};
			name = AdHoc;
		};
		09A0417A16C9992600E95381 /* AdHoc */ = {
			isa = XCBuildConfiguration;
			buildSettings = {
				GCC_PRECOMPILE_PREFIX_HEADER = YES;
				GCC_PREFIX_HEADER = "memoirs/memoirs-Prefix.pch";
				INFOPLIST_FILE = "memoirs/memoirs-Info.plist";
				IPHONEOS_DEPLOYMENT_TARGET = 5.0;
				LIBRARY_SEARCH_PATHS = (
					"$(inherited)",
					"\"$(SRCROOT)/vendor/GoogleAnalytics\"",
				);
				PRODUCT_NAME = "$(TARGET_NAME)";
				TARGETED_DEVICE_FAMILY = 1;
				USER_HEADER_SEARCH_PATHS = "\"${PROJECT_DIR}/vendor\"/**";
				WRAPPER_EXTENSION = app;
			};
			name = AdHoc;
		};
		09B23D4A16B30C2E003FFD91 /* Debug */ = {
			isa = XCBuildConfiguration;
			buildSettings = {
				ALWAYS_SEARCH_USER_PATHS = NO;
				BUNDLE_ID_SUFFIX = "memoirs-dev";
				CLANG_CXX_LANGUAGE_STANDARD = "gnu++0x";
				CLANG_CXX_LIBRARY = "libc++";
				CLANG_ENABLE_OBJC_ARC = YES;
				CLANG_WARN_EMPTY_BODY = YES;
				CLANG_WARN__DUPLICATE_METHOD_MATCH = YES;
				CODE_SIGN_IDENTITY = "iPhone Developer";
				COPY_PHASE_STRIP = NO;
				GCC_C_LANGUAGE_STANDARD = gnu99;
				GCC_DYNAMIC_NO_PIC = NO;
				GCC_OPTIMIZATION_LEVEL = 0;
				GCC_PREPROCESSOR_DEFINITIONS = (
					"DEBUG=1",
					"$(inherited)",
				);
				GCC_SYMBOLS_PRIVATE_EXTERN = NO;
				GCC_WARN_ABOUT_RETURN_TYPE = YES;
				GCC_WARN_UNINITIALIZED_AUTOS = YES;
				GCC_WARN_UNUSED_VARIABLE = YES;
				ICON_PREFIX = "dev-";
				IPHONEOS_DEPLOYMENT_TARGET = 5.0;
				ONLY_ACTIVE_ARCH = YES;
				OTHER_LDFLAGS = "-all_load";
				PROVISIONING_PROFILE = "";
				SDKROOT = iphoneos;
				TARGETED_DEVICE_FAMILY = "1,2";
			};
			name = Debug;
		};
		09B23D4B16B30C2E003FFD91 /* Release */ = {
			isa = XCBuildConfiguration;
			buildSettings = {
				ALWAYS_SEARCH_USER_PATHS = NO;
				BUNDLE_ID_SUFFIX = memoirs;
				CLANG_CXX_LANGUAGE_STANDARD = "gnu++0x";
				CLANG_CXX_LIBRARY = "libc++";
				CLANG_ENABLE_OBJC_ARC = YES;
				CLANG_WARN_EMPTY_BODY = YES;
				CLANG_WARN__DUPLICATE_METHOD_MATCH = YES;
				CODE_SIGN_IDENTITY = "iPhone Distribution";
				COPY_PHASE_STRIP = YES;
				GCC_C_LANGUAGE_STANDARD = gnu99;
				GCC_WARN_ABOUT_RETURN_TYPE = YES;
				GCC_WARN_UNINITIALIZED_AUTOS = YES;
				GCC_WARN_UNUSED_VARIABLE = YES;
				ICON_PREFIX = "";
				IPHONEOS_DEPLOYMENT_TARGET = 5.0;
				OTHER_CFLAGS = "-DNS_BLOCK_ASSERTIONS=1";
				OTHER_LDFLAGS = "-all_load";
				PROVISIONING_PROFILE = "";
				SDKROOT = iphoneos;
				TARGETED_DEVICE_FAMILY = "1,2";
				VALIDATE_PRODUCT = YES;
			};
			name = Release;
		};
		09B23D4D16B30C2E003FFD91 /* Debug */ = {
			isa = XCBuildConfiguration;
			buildSettings = {
				GCC_PRECOMPILE_PREFIX_HEADER = YES;
				GCC_PREFIX_HEADER = "memoirs/memoirs-Prefix.pch";
				INFOPLIST_FILE = "memoirs/memoirs-Info.plist";
				IPHONEOS_DEPLOYMENT_TARGET = 5.0;
				LIBRARY_SEARCH_PATHS = (
					"$(inherited)",
					"\"$(SRCROOT)/vendor/GoogleAnalytics\"",
				);
				PRODUCT_NAME = "$(TARGET_NAME)";
				TARGETED_DEVICE_FAMILY = 1;
				USER_HEADER_SEARCH_PATHS = "\"${PROJECT_DIR}/vendor\"/**";
				WRAPPER_EXTENSION = app;
			};
			name = Debug;
		};
		09B23D4E16B30C2E003FFD91 /* Release */ = {
			isa = XCBuildConfiguration;
			buildSettings = {
				GCC_PRECOMPILE_PREFIX_HEADER = YES;
				GCC_PREFIX_HEADER = "memoirs/memoirs-Prefix.pch";
				INFOPLIST_FILE = "memoirs/memoirs-Info.plist";
				IPHONEOS_DEPLOYMENT_TARGET = 5.0;
				LIBRARY_SEARCH_PATHS = (
					"$(inherited)",
					"\"$(SRCROOT)/vendor/GoogleAnalytics\"",
				);
				PRODUCT_NAME = "$(TARGET_NAME)";
				TARGETED_DEVICE_FAMILY = 1;
				USER_HEADER_SEARCH_PATHS = "\"${PROJECT_DIR}/vendor\"/**";
				WRAPPER_EXTENSION = app;
			};
			name = Release;
		};
/* End XCBuildConfiguration section */

/* Begin XCConfigurationList section */
		09B23D1F16B30C2E003FFD91 /* Build configuration list for PBXProject "memoirs" */ = {
			isa = XCConfigurationList;
			buildConfigurations = (
				09B23D4A16B30C2E003FFD91 /* Debug */,
				09B23D4B16B30C2E003FFD91 /* Release */,
				09A0417916C9992600E95381 /* AdHoc */,
			);
			defaultConfigurationIsVisible = 0;
			defaultConfigurationName = Release;
		};
		09B23D4C16B30C2E003FFD91 /* Build configuration list for PBXNativeTarget "memoirs" */ = {
			isa = XCConfigurationList;
			buildConfigurations = (
				09B23D4D16B30C2E003FFD91 /* Debug */,
				09B23D4E16B30C2E003FFD91 /* Release */,
				09A0417A16C9992600E95381 /* AdHoc */,
			);
			defaultConfigurationIsVisible = 0;
			defaultConfigurationName = Release;
		};
/* End XCConfigurationList section */

/* Begin XCVersionGroup section */
		09A8ADAA16B703A0005E336D /* Model.xcdatamodeld */ = {
			isa = XCVersionGroup;
			children = (
				09A8ADAB16B703A0005E336D /* Model.xcdatamodel */,
			);
			currentVersion = 09A8ADAB16B703A0005E336D /* Model.xcdatamodel */;
			path = Model.xcdatamodeld;
			sourceTree = "<group>";
			versionGroupType = wrapper.xcdatamodel;
		};
/* End XCVersionGroup section */
	};
	rootObject = 09B23D1C16B30C2E003FFD91 /* Project object */;
}
